// !$*UTF8*$!
{
	archiveVersion = 1;
	classes = {
	};
	objectVersion = 46;
	objects = {

/* Begin PBXBuildFile section */
		6C42B65D1CF2FC3C00F795AA /* UIDevice+VKUtlities.m in Sources */ = {isa = PBXBuildFile; fileRef = 6C42B6491CF2FC3C00F795AA /* UIDevice+VKUtlities.m */; };
		6C42B65E1CF2FC3C00F795AA /* UIView+VKMetrics.m in Sources */ = {isa = PBXBuildFile; fileRef = 6C42B64B1CF2FC3C00F795AA /* UIView+VKMetrics.m */; };
		6C42B65F1CF2FC3C00F795AA /* VKLogManager.m in Sources */ = {isa = PBXBuildFile; fileRef = 6C42B6511CF2FC3C00F795AA /* VKLogManager.m */; };
		6C42B6601CF2FC3C00F795AA /* VKConsoleButton.m in Sources */ = {isa = PBXBuildFile; fileRef = 6C42B6531CF2FC3C00F795AA /* VKConsoleButton.m */; };
		6C42B6611CF2FC3C00F795AA /* VKJPEngine.m in Sources */ = {isa = PBXBuildFile; fileRef = 6C42B6561CF2FC3C00F795AA /* VKJPEngine.m */; };
		6C42B6621CF2FC3C00F795AA /* VKJSPatch.js in Resources */ = {isa = PBXBuildFile; fileRef = 6C42B6571CF2FC3C00F795AA /* VKJSPatch.js */; };
		6C42B6631CF2FC3C00F795AA /* VKScriptConsole.m in Sources */ = {isa = PBXBuildFile; fileRef = 6C42B65A1CF2FC3C00F795AA /* VKScriptConsole.m */; };
		6C42B6641CF2FC3C00F795AA /* VKDebugConsole.m in Sources */ = {isa = PBXBuildFile; fileRef = 6C42B65C1CF2FC3C00F795AA /* VKDebugConsole.m */; };
		6C42B6681CF3366A00F795AA /* NSMutableAttributedString+VKAttributedString.m in Sources */ = {isa = PBXBuildFile; fileRef = 6C42B6671CF3366A00F795AA /* NSMutableAttributedString+VKAttributedString.m */; };
		6CC1CAF41CEF0193000DD04B /* main.m in Sources */ = {isa = PBXBuildFile; fileRef = 6CC1CAF31CEF0193000DD04B /* main.m */; };
		6CC1CAF71CEF0193000DD04B /* AppDelegate.m in Sources */ = {isa = PBXBuildFile; fileRef = 6CC1CAF61CEF0193000DD04B /* AppDelegate.m */; };
		6CC1CAFA1CEF0193000DD04B /* ViewController.m in Sources */ = {isa = PBXBuildFile; fileRef = 6CC1CAF91CEF0193000DD04B /* ViewController.m */; };
		6CC1CAFD1CEF0193000DD04B /* Main.storyboard in Resources */ = {isa = PBXBuildFile; fileRef = 6CC1CAFB1CEF0193000DD04B /* Main.storyboard */; };
		6CC1CAFF1CEF0193000DD04B /* Assets.xcassets in Resources */ = {isa = PBXBuildFile; fileRef = 6CC1CAFE1CEF0193000DD04B /* Assets.xcassets */; };
		6CC1CB021CEF0193000DD04B /* LaunchScreen.storyboard in Resources */ = {isa = PBXBuildFile; fileRef = 6CC1CB001CEF0193000DD04B /* LaunchScreen.storyboard */; };
		6CDA6CF71CF86C7500B61583 /* VKDebugJPExtension.m in Sources */ = {isa = PBXBuildFile; fileRef = 6CDA6CF61CF86C7500B61583 /* VKDebugJPExtension.m */; };
/* End PBXBuildFile section */

/* Begin PBXFileReference section */
		6C42B6471CF2FC3C00F795AA /* NSObject+VKSingleton.h */ = {isa = PBXFileReference; fileEncoding = 4; lastKnownFileType = sourcecode.c.h; path = "NSObject+VKSingleton.h"; sourceTree = "<group>"; };
		6C42B6481CF2FC3C00F795AA /* UIDevice+VKUtlities.h */ = {isa = PBXFileReference; fileEncoding = 4; lastKnownFileType = sourcecode.c.h; path = "UIDevice+VKUtlities.h"; sourceTree = "<group>"; };
		6C42B6491CF2FC3C00F795AA /* UIDevice+VKUtlities.m */ = {isa = PBXFileReference; fileEncoding = 4; lastKnownFileType = sourcecode.c.objc; path = "UIDevice+VKUtlities.m"; sourceTree = "<group>"; };
		6C42B64A1CF2FC3C00F795AA /* UIView+VKMetrics.h */ = {isa = PBXFileReference; fileEncoding = 4; lastKnownFileType = sourcecode.c.h; path = "UIView+VKMetrics.h"; sourceTree = "<group>"; };
		6C42B64B1CF2FC3C00F795AA /* UIView+VKMetrics.m */ = {isa = PBXFileReference; fileEncoding = 4; lastKnownFileType = sourcecode.c.objc; path = "UIView+VKMetrics.m"; sourceTree = "<group>"; };
		6C42B64C1CF2FC3C00F795AA /* VKCommonFundation.h */ = {isa = PBXFileReference; fileEncoding = 4; lastKnownFileType = sourcecode.c.h; path = VKCommonFundation.h; sourceTree = "<group>"; };
		6C42B64D1CF2FC3C00F795AA /* VKFoundationMarco.h */ = {isa = PBXFileReference; fileEncoding = 4; lastKnownFileType = sourcecode.c.h; path = VKFoundationMarco.h; sourceTree = "<group>"; };
		6C42B64E1CF2FC3C00F795AA /* VKUIKitMarco.h */ = {isa = PBXFileReference; fileEncoding = 4; lastKnownFileType = sourcecode.c.h; path = VKUIKitMarco.h; sourceTree = "<group>"; };
		6C42B6501CF2FC3C00F795AA /* VKLogManager.h */ = {isa = PBXFileReference; fileEncoding = 4; lastKnownFileType = sourcecode.c.h; path = VKLogManager.h; sourceTree = "<group>"; };
		6C42B6511CF2FC3C00F795AA /* VKLogManager.m */ = {isa = PBXFileReference; fileEncoding = 4; lastKnownFileType = sourcecode.c.objc; path = VKLogManager.m; sourceTree = "<group>"; };
		6C42B6521CF2FC3C00F795AA /* VKConsoleButton.h */ = {isa = PBXFileReference; fileEncoding = 4; lastKnownFileType = sourcecode.c.h; path = VKConsoleButton.h; sourceTree = "<group>"; };
		6C42B6531CF2FC3C00F795AA /* VKConsoleButton.m */ = {isa = PBXFileReference; fileEncoding = 4; lastKnownFileType = sourcecode.c.objc; path = VKConsoleButton.m; sourceTree = "<group>"; };
		6C42B6551CF2FC3C00F795AA /* VKJPEngine.h */ = {isa = PBXFileReference; fileEncoding = 4; lastKnownFileType = sourcecode.c.h; path = VKJPEngine.h; sourceTree = "<group>"; };
		6C42B6561CF2FC3C00F795AA /* VKJPEngine.m */ = {isa = PBXFileReference; fileEncoding = 4; lastKnownFileType = sourcecode.c.objc; path = VKJPEngine.m; sourceTree = "<group>"; };
		6C42B6571CF2FC3C00F795AA /* VKJSPatch.js */ = {isa = PBXFileReference; fileEncoding = 4; lastKnownFileType = sourcecode.javascript; path = VKJSPatch.js; sourceTree = "<group>"; };
		6C42B6591CF2FC3C00F795AA /* VKScriptConsole.h */ = {isa = PBXFileReference; fileEncoding = 4; lastKnownFileType = sourcecode.c.h; path = VKScriptConsole.h; sourceTree = "<group>"; };
		6C42B65A1CF2FC3C00F795AA /* VKScriptConsole.m */ = {isa = PBXFileReference; fileEncoding = 4; lastKnownFileType = sourcecode.c.objc; path = VKScriptConsole.m; sourceTree = "<group>"; };
		6C42B65B1CF2FC3C00F795AA /* VKDebugConsole.h */ = {isa = PBXFileReference; fileEncoding = 4; lastKnownFileType = sourcecode.c.h; path = VKDebugConsole.h; sourceTree = "<group>"; };
		6C42B65C1CF2FC3C00F795AA /* VKDebugConsole.m */ = {isa = PBXFileReference; fileEncoding = 4; lastKnownFileType = sourcecode.c.objc; path = VKDebugConsole.m; sourceTree = "<group>"; };
		6C42B6651CF2FD6F00F795AA /* VKDebugLogHelper.h */ = {isa = PBXFileReference; lastKnownFileType = sourcecode.c.h; path = VKDebugLogHelper.h; sourceTree = "<group>"; };
		6C42B6661CF3366A00F795AA /* NSMutableAttributedString+VKAttributedString.h */ = {isa = PBXFileReference; fileEncoding = 4; lastKnownFileType = sourcecode.c.h; path = "NSMutableAttributedString+VKAttributedString.h"; sourceTree = "<group>"; };
		6C42B6671CF3366A00F795AA /* NSMutableAttributedString+VKAttributedString.m */ = {isa = PBXFileReference; fileEncoding = 4; lastKnownFileType = sourcecode.c.objc; path = "NSMutableAttributedString+VKAttributedString.m"; sourceTree = "<group>"; };
		6CC1CAEF1CEF0193000DD04B /* VKDebugConsoleDemo.app */ = {isa = PBXFileReference; explicitFileType = wrapper.application; includeInIndex = 0; path = VKDebugConsoleDemo.app; sourceTree = BUILT_PRODUCTS_DIR; };
		6CC1CAF31CEF0193000DD04B /* main.m */ = {isa = PBXFileReference; lastKnownFileType = sourcecode.c.objc; path = main.m; sourceTree = "<group>"; };
		6CC1CAF51CEF0193000DD04B /* AppDelegate.h */ = {isa = PBXFileReference; lastKnownFileType = sourcecode.c.h; path = AppDelegate.h; sourceTree = "<group>"; };
		6CC1CAF61CEF0193000DD04B /* AppDelegate.m */ = {isa = PBXFileReference; lastKnownFileType = sourcecode.c.objc; path = AppDelegate.m; sourceTree = "<group>"; };
		6CC1CAF81CEF0193000DD04B /* ViewController.h */ = {isa = PBXFileReference; lastKnownFileType = sourcecode.c.h; path = ViewController.h; sourceTree = "<group>"; };
		6CC1CAF91CEF0193000DD04B /* ViewController.m */ = {isa = PBXFileReference; lastKnownFileType = sourcecode.c.objc; path = ViewController.m; sourceTree = "<group>"; };
		6CC1CAFC1CEF0193000DD04B /* Base */ = {isa = PBXFileReference; lastKnownFileType = file.storyboard; name = Base; path = Base.lproj/Main.storyboard; sourceTree = "<group>"; };
		6CC1CAFE1CEF0193000DD04B /* Assets.xcassets */ = {isa = PBXFileReference; lastKnownFileType = folder.assetcatalog; path = Assets.xcassets; sourceTree = "<group>"; };
		6CC1CB011CEF0193000DD04B /* Base */ = {isa = PBXFileReference; lastKnownFileType = file.storyboard; name = Base; path = Base.lproj/LaunchScreen.storyboard; sourceTree = "<group>"; };
		6CC1CB031CEF0193000DD04B /* Info.plist */ = {isa = PBXFileReference; lastKnownFileType = text.plist.xml; path = Info.plist; sourceTree = "<group>"; };
		6CDA6CF51CF86C7500B61583 /* VKDebugJPExtension.h */ = {isa = PBXFileReference; fileEncoding = 4; lastKnownFileType = sourcecode.c.h; path = VKDebugJPExtension.h; sourceTree = "<group>"; };
		6CDA6CF61CF86C7500B61583 /* VKDebugJPExtension.m */ = {isa = PBXFileReference; fileEncoding = 4; lastKnownFileType = sourcecode.c.objc; path = VKDebugJPExtension.m; sourceTree = "<group>"; };
/* End PBXFileReference section */

/* Begin PBXFrameworksBuildPhase section */
		6CC1CAEC1CEF0193000DD04B /* Frameworks */ = {
			isa = PBXFrameworksBuildPhase;
			buildActionMask = 2147483647;
			files = (
			);
			runOnlyForDeploymentPostprocessing = 0;
		};
/* End PBXFrameworksBuildPhase section */

/* Begin PBXGroup section */
		6C42B6451CF2FC3C00F795AA /* VKDebugConsole */ = {
			isa = PBXGroup;
			children = (
				6C42B6461CF2FC3C00F795AA /* VKCategoryHelper */,
				6C42B64F1CF2FC3C00F795AA /* VKConsoleModule */,
				6C42B65B1CF2FC3C00F795AA /* VKDebugConsole.h */,
				6C42B65C1CF2FC3C00F795AA /* VKDebugConsole.m */,
				6C42B6651CF2FD6F00F795AA /* VKDebugLogHelper.h */,
			);
			path = VKDebugConsole;
			sourceTree = "<group>";
		};
		6C42B6461CF2FC3C00F795AA /* VKCategoryHelper */ = {
			isa = PBXGroup;
			children = (
				6C42B6661CF3366A00F795AA /* NSMutableAttributedString+VKAttributedString.h */,
				6C42B6671CF3366A00F795AA /* NSMutableAttributedString+VKAttributedString.m */,
				6C42B6471CF2FC3C00F795AA /* NSObject+VKSingleton.h */,
				6C42B6481CF2FC3C00F795AA /* UIDevice+VKUtlities.h */,
				6C42B6491CF2FC3C00F795AA /* UIDevice+VKUtlities.m */,
				6C42B64A1CF2FC3C00F795AA /* UIView+VKMetrics.h */,
				6C42B64B1CF2FC3C00F795AA /* UIView+VKMetrics.m */,
				6C42B64C1CF2FC3C00F795AA /* VKCommonFundation.h */,
				6C42B64D1CF2FC3C00F795AA /* VKFoundationMarco.h */,
				6C42B64E1CF2FC3C00F795AA /* VKUIKitMarco.h */,
			);
			path = VKCategoryHelper;
			sourceTree = "<group>";
		};
		6C42B64F1CF2FC3C00F795AA /* VKConsoleModule */ = {
			isa = PBXGroup;
			children = (
				6CDA6CE71CF8573100B61583 /* VKTouchManager */,
				6C42B6501CF2FC3C00F795AA /* VKLogManager.h */,
				6C42B6511CF2FC3C00F795AA /* VKLogManager.m */,
				6C42B6521CF2FC3C00F795AA /* VKConsoleButton.h */,
				6C42B6531CF2FC3C00F795AA /* VKConsoleButton.m */,
				6C42B6541CF2FC3C00F795AA /* VKDebugJPEngine */,
				6C42B6581CF2FC3C00F795AA /* VKDebugScript */,
				6C42B6591CF2FC3C00F795AA /* VKScriptConsole.h */,
				6C42B65A1CF2FC3C00F795AA /* VKScriptConsole.m */,
			);
			path = VKConsoleModule;
			sourceTree = "<group>";
		};
		6C42B6541CF2FC3C00F795AA /* VKDebugJPEngine */ = {
			isa = PBXGroup;
			children = (
				6CDA6CF51CF86C7500B61583 /* VKDebugJPExtension.h */,
				6CDA6CF61CF86C7500B61583 /* VKDebugJPExtension.m */,
				6C42B6551CF2FC3C00F795AA /* VKJPEngine.h */,
				6C42B6561CF2FC3C00F795AA /* VKJPEngine.m */,
				6C42B6571CF2FC3C00F795AA /* VKJSPatch.js */,
			);
			path = VKDebugJPEngine;
			sourceTree = "<group>";
		};
		6C42B6581CF2FC3C00F795AA /* VKDebugScript */ = {
			isa = PBXGroup;
			children = (
			);
			path = VKDebugScript;
			sourceTree = "<group>";
		};
		6CC1CAE61CEF0193000DD04B = {
			isa = PBXGroup;
			children = (
				6C42B6451CF2FC3C00F795AA /* VKDebugConsole */,
				6CC1CAF11CEF0193000DD04B /* VKDebugConsoleDemo */,
				6CC1CAF01CEF0193000DD04B /* Products */,
			);
			sourceTree = "<group>";
		};
		6CC1CAF01CEF0193000DD04B /* Products */ = {
			isa = PBXGroup;
			children = (
				6CC1CAEF1CEF0193000DD04B /* VKDebugConsoleDemo.app */,
			);
			name = Products;
			sourceTree = "<group>";
		};
		6CC1CAF11CEF0193000DD04B /* VKDebugConsoleDemo */ = {
			isa = PBXGroup;
			children = (
				6CC1CAF51CEF0193000DD04B /* AppDelegate.h */,
				6CC1CAF61CEF0193000DD04B /* AppDelegate.m */,
				6CC1CAF81CEF0193000DD04B /* ViewController.h */,
				6CC1CAF91CEF0193000DD04B /* ViewController.m */,
				6CC1CAFB1CEF0193000DD04B /* Main.storyboard */,
				6CC1CAFE1CEF0193000DD04B /* Assets.xcassets */,
				6CC1CB001CEF0193000DD04B /* LaunchScreen.storyboard */,
				6CC1CB031CEF0193000DD04B /* Info.plist */,
				6CC1CAF21CEF0193000DD04B /* Supporting Files */,
			);
			path = VKDebugConsoleDemo;
			sourceTree = "<group>";
		};
		6CC1CAF21CEF0193000DD04B /* Supporting Files */ = {
			isa = PBXGroup;
			children = (
				6CC1CAF31CEF0193000DD04B /* main.m */,
			);
			name = "Supporting Files";
			sourceTree = "<group>";
		};
		6CDA6CE71CF8573100B61583 /* VKTouchManager */ = {
			isa = PBXGroup;
			children = (
			);
			path = VKTouchManager;
			sourceTree = "<group>";
		};
/* End PBXGroup section */

/* Begin PBXNativeTarget section */
		6CC1CAEE1CEF0193000DD04B /* VKDebugConsoleDemo */ = {
			isa = PBXNativeTarget;
			buildConfigurationList = 6CC1CB061CEF0193000DD04B /* Build configuration list for PBXNativeTarget "VKDebugConsoleDemo" */;
			buildPhases = (
				6CC1CAEB1CEF0193000DD04B /* Sources */,
				6CC1CAEC1CEF0193000DD04B /* Frameworks */,
				6CC1CAED1CEF0193000DD04B /* Resources */,
			);
			buildRules = (
			);
			dependencies = (
			);
			name = VKDebugConsoleDemo;
			productName = VKDebugConsoleDemo;
			productReference = 6CC1CAEF1CEF0193000DD04B /* VKDebugConsoleDemo.app */;
			productType = "com.apple.product-type.application";
		};
/* End PBXNativeTarget section */

/* Begin PBXProject section */
		6CC1CAE71CEF0193000DD04B /* Project object */ = {
			isa = PBXProject;
			attributes = {
				LastUpgradeCheck = 0720;
				ORGANIZATIONNAME = baidu;
				TargetAttributes = {
					6CC1CAEE1CEF0193000DD04B = {
						CreatedOnToolsVersion = 7.2.1;
					};
				};
			};
			buildConfigurationList = 6CC1CAEA1CEF0193000DD04B /* Build configuration list for PBXProject "VKDebugConsoleDemo" */;
			compatibilityVersion = "Xcode 3.2";
			developmentRegion = English;
			hasScannedForEncodings = 0;
			knownRegions = (
				en,
				Base,
			);
			mainGroup = 6CC1CAE61CEF0193000DD04B;
			productRefGroup = 6CC1CAF01CEF0193000DD04B /* Products */;
			projectDirPath = "";
			projectRoot = "";
			targets = (
				6CC1CAEE1CEF0193000DD04B /* VKDebugConsoleDemo */,
			);
		};
/* End PBXProject section */

/* Begin PBXResourcesBuildPhase section */
		6CC1CAED1CEF0193000DD04B /* Resources */ = {
			isa = PBXResourcesBuildPhase;
			buildActionMask = 2147483647;
			files = (
				6CC1CB021CEF0193000DD04B /* LaunchScreen.storyboard in Resources */,
				6C42B6621CF2FC3C00F795AA /* VKJSPatch.js in Resources */,
				6CC1CAFF1CEF0193000DD04B /* Assets.xcassets in Resources */,
				6CC1CAFD1CEF0193000DD04B /* Main.storyboard in Resources */,
			);
			runOnlyForDeploymentPostprocessing = 0;
		};
/* End PBXResourcesBuildPhase section */

/* Begin PBXSourcesBuildPhase section */
		6CC1CAEB1CEF0193000DD04B /* Sources */ = {
			isa = PBXSourcesBuildPhase;
			buildActionMask = 2147483647;
			files = (
				6C42B6611CF2FC3C00F795AA /* VKJPEngine.m in Sources */,
				6C42B6601CF2FC3C00F795AA /* VKConsoleButton.m in Sources */,
				6CDA6CF71CF86C7500B61583 /* VKDebugJPExtension.m in Sources */,
				6CC1CAFA1CEF0193000DD04B /* ViewController.m in Sources */,
				6C42B6631CF2FC3C00F795AA /* VKScriptConsole.m in Sources */,
				6C42B65D1CF2FC3C00F795AA /* UIDevice+VKUtlities.m in Sources */,
				6CC1CAF71CEF0193000DD04B /* AppDelegate.m in Sources */,
				6C42B65E1CF2FC3C00F795AA /* UIView+VKMetrics.m in Sources */,
				6C42B65F1CF2FC3C00F795AA /* VKLogManager.m in Sources */,
				6C42B6681CF3366A00F795AA /* NSMutableAttributedString+VKAttributedString.m in Sources */,
				6C42B6641CF2FC3C00F795AA /* VKDebugConsole.m in Sources */,
				6CC1CAF41CEF0193000DD04B /* main.m in Sources */,
			);
			runOnlyForDeploymentPostprocessing = 0;
		};
/* End PBXSourcesBuildPhase section */

/* Begin PBXVariantGroup section */
		6CC1CAFB1CEF0193000DD04B /* Main.storyboard */ = {
			isa = PBXVariantGroup;
			children = (
				6CC1CAFC1CEF0193000DD04B /* Base */,
			);
			name = Main.storyboard;
			sourceTree = "<group>";
		};
		6CC1CB001CEF0193000DD04B /* LaunchScreen.storyboard */ = {
			isa = PBXVariantGroup;
			children = (
				6CC1CB011CEF0193000DD04B /* Base */,
			);
			name = LaunchScreen.storyboard;
			sourceTree = "<group>";
		};
/* End PBXVariantGroup section */

/* Begin XCBuildConfiguration section */
		6CC1CB041CEF0193000DD04B /* Debug */ = {
			isa = XCBuildConfiguration;
			buildSettings = {
				ALWAYS_SEARCH_USER_PATHS = NO;
				CLANG_CXX_LANGUAGE_STANDARD = "gnu++0x";
				CLANG_CXX_LIBRARY = "libc++";
				CLANG_ENABLE_MODULES = YES;
				CLANG_ENABLE_OBJC_ARC = YES;
				CLANG_WARN_BOOL_CONVERSION = YES;
				CLANG_WARN_CONSTANT_CONVERSION = YES;
				CLANG_WARN_DIRECT_OBJC_ISA_USAGE = YES_ERROR;
				CLANG_WARN_EMPTY_BODY = YES;
				CLANG_WARN_ENUM_CONVERSION = YES;
				CLANG_WARN_INT_CONVERSION = YES;
				CLANG_WARN_OBJC_ROOT_CLASS = YES_ERROR;
				CLANG_WARN_UNREACHABLE_CODE = YES;
				CLANG_WARN__DUPLICATE_METHOD_MATCH = YES;
				"CODE_SIGN_IDENTITY[sdk=iphoneos*]" = "iPhone Developer";
				COPY_PHASE_STRIP = NO;
				DEBUG_INFORMATION_FORMAT = dwarf;
				ENABLE_STRICT_OBJC_MSGSEND = YES;
				ENABLE_TESTABILITY = YES;
				GCC_C_LANGUAGE_STANDARD = gnu99;
				GCC_DYNAMIC_NO_PIC = NO;
				GCC_NO_COMMON_BLOCKS = YES;
				GCC_OPTIMIZATION_LEVEL = 0;
				GCC_PREPROCESSOR_DEFINITIONS = (
					"DEBUG=1",
					"$(inherited)",
				);
				GCC_WARN_64_TO_32_BIT_CONVERSION = YES;
				GCC_WARN_ABOUT_RETURN_TYPE = YES_ERROR;
				GCC_WARN_UNDECLARED_SELECTOR = YES;
				GCC_WARN_UNINITIALIZED_AUTOS = YES_AGGRESSIVE;
				GCC_WARN_UNUSED_FUNCTION = YES;
				GCC_WARN_UNUSED_VARIABLE = YES;
				IPHONEOS_DEPLOYMENT_TARGET = 9.2;
				MTL_ENABLE_DEBUG_INFO = YES;
				ONLY_ACTIVE_ARCH = YES;
				SDKROOT = iphoneos;
				TARGETED_DEVICE_FAMILY = "1,2";
			};
			name = Debug;
		};
		6CC1CB051CEF0193000DD04B /* Release */ = {
			isa = XCBuildConfiguration;
			buildSettings = {
				ALWAYS_SEARCH_USER_PATHS = NO;
				CLANG_CXX_LANGUAGE_STANDARD = "gnu++0x";
				CLANG_CXX_LIBRARY = "libc++";
				CLANG_ENABLE_MODULES = YES;
				CLANG_ENABLE_OBJC_ARC = YES;
				CLANG_WARN_BOOL_CONVERSION = YES;
				CLANG_WARN_CONSTANT_CONVERSION = YES;
				CLANG_WARN_DIRECT_OBJC_ISA_USAGE = YES_ERROR;
				CLANG_WARN_EMPTY_BODY = YES;
				CLANG_WARN_ENUM_CONVERSION = YES;
				CLANG_WARN_INT_CONVERSION = YES;
				CLANG_WARN_OBJC_ROOT_CLASS = YES_ERROR;
				CLANG_WARN_UNREACHABLE_CODE = YES;
				CLANG_WARN__DUPLICATE_METHOD_MATCH = YES;
				"CODE_SIGN_IDENTITY[sdk=iphoneos*]" = "iPhone Developer";
				COPY_PHASE_STRIP = NO;
				DEBUG_INFORMATION_FORMAT = "dwarf-with-dsym";
				ENABLE_NS_ASSERTIONS = NO;
				ENABLE_STRICT_OBJC_MSGSEND = YES;
				GCC_C_LANGUAGE_STANDARD = gnu99;
				GCC_NO_COMMON_BLOCKS = YES;
				GCC_WARN_64_TO_32_BIT_CONVERSION = YES;
				GCC_WARN_ABOUT_RETURN_TYPE = YES_ERROR;
				GCC_WARN_UNDECLARED_SELECTOR = YES;
				GCC_WARN_UNINITIALIZED_AUTOS = YES_AGGRESSIVE;
				GCC_WARN_UNUSED_FUNCTION = YES;
				GCC_WARN_UNUSED_VARIABLE = YES;
				IPHONEOS_DEPLOYMENT_TARGET = 9.2;
				MTL_ENABLE_DEBUG_INFO = NO;
				SDKROOT = iphoneos;
				TARGETED_DEVICE_FAMILY = "1,2";
				VALIDATE_PRODUCT = YES;
			};
			name = Release;
		};
		6CC1CB071CEF0193000DD04B /* Debug */ = {
			isa = XCBuildConfiguration;
			buildSettings = {
				ASSETCATALOG_COMPILER_APPICON_NAME = AppIcon;
				INFOPLIST_FILE = VKDebugConsoleDemo/Info.plist;
				LD_RUNPATH_SEARCH_PATHS = "$(inherited) @executable_path/Frameworks";
				PRODUCT_BUNDLE_IDENTIFIER = com.baidu.VKDebugConsoleDemo;
				PRODUCT_NAME = "$(TARGET_NAME)";
			};
			name = Debug;
		};
		6CC1CB081CEF0193000DD04B /* Release */ = {
			isa = XCBuildConfiguration;
			buildSettings = {
				ASSETCATALOG_COMPILER_APPICON_NAME = AppIcon;
				INFOPLIST_FILE = VKDebugConsoleDemo/Info.plist;
				LD_RUNPATH_SEARCH_PATHS = "$(inherited) @executable_path/Frameworks";
				PRODUCT_BUNDLE_IDENTIFIER = com.baidu.VKDebugConsoleDemo;
				PRODUCT_NAME = "$(TARGET_NAME)";
			};
			name = Release;
		};
/* End XCBuildConfiguration section */

/* Begin XCConfigurationList section */
		6CC1CAEA1CEF0193000DD04B /* Build configuration list for PBXProject "VKDebugConsoleDemo" */ = {
			isa = XCConfigurationList;
			buildConfigurations = (
				6CC1CB041CEF0193000DD04B /* Debug */,
				6CC1CB051CEF0193000DD04B /* Release */,
			);
			defaultConfigurationIsVisible = 0;
			defaultConfigurationName = Release;
		};
		6CC1CB061CEF0193000DD04B /* Build configuration list for PBXNativeTarget "VKDebugConsoleDemo" */ = {
			isa = XCConfigurationList;
			buildConfigurations = (
				6CC1CB071CEF0193000DD04B /* Debug */,
				6CC1CB081CEF0193000DD04B /* Release */,
			);
			defaultConfigurationIsVisible = 0;
			defaultConfigurationName = Release;
		};
/* End XCConfigurationList section */
	};
	rootObject = 6CC1CAE71CEF0193000DD04B /* Project object */;
}
