// !$*UTF8*$!
{
	archiveVersion = 1;
	classes = {
	};
	objectVersion = 46;
	objects = {

/* Begin PBXBuildFile section */
		6C2469D71D17BF4000DE17C8 /* NSMutableAttributedString+VKAttributedString.m in Sources */ = {isa = PBXBuildFile; fileRef = 6C2469BD1D17BF4000DE17C8 /* NSMutableAttributedString+VKAttributedString.m */; };
		6C2469D81D17BF4000DE17C8 /* UIDevice+VKUtlities.m in Sources */ = {isa = PBXBuildFile; fileRef = 6C2469C01D17BF4000DE17C8 /* UIDevice+VKUtlities.m */; };
		6C2469D91D17BF4000DE17C8 /* UIView+VKMetrics.m in Sources */ = {isa = PBXBuildFile; fileRef = 6C2469C21D17BF4000DE17C8 /* UIView+VKMetrics.m */; };
		6C2469DA1D17BF4000DE17C8 /* VKConsoleButton.m in Sources */ = {isa = PBXBuildFile; fileRef = 6C2469C71D17BF4000DE17C8 /* VKConsoleButton.m */; };
		6C2469DB1D17BF4000DE17C8 /* VKDebugJPExtension.m in Sources */ = {isa = PBXBuildFile; fileRef = 6C2469CA1D17BF4000DE17C8 /* VKDebugJPExtension.m */; };
		6C2469DC1D17BF4000DE17C8 /* VKJPEngine.m in Sources */ = {isa = PBXBuildFile; fileRef = 6C2469CC1D17BF4000DE17C8 /* VKJPEngine.m */; };
		6C2469DD1D17BF4000DE17C8 /* VKJSPatch.js in Resources */ = {isa = PBXBuildFile; fileRef = 6C2469CD1D17BF4000DE17C8 /* VKJSPatch.js */; };
		6C2469DE1D17BF4000DE17C8 /* VKLogManager.m in Sources */ = {isa = PBXBuildFile; fileRef = 6C2469D01D17BF4000DE17C8 /* VKLogManager.m */; };
		6C2469DF1D17BF4000DE17C8 /* VKScriptConsole.m in Sources */ = {isa = PBXBuildFile; fileRef = 6C2469D31D17BF4000DE17C8 /* VKScriptConsole.m */; };
		6C2469E01D17BF4000DE17C8 /* VKDebugConsole.m in Sources */ = {isa = PBXBuildFile; fileRef = 6C2469D51D17BF4000DE17C8 /* VKDebugConsole.m */; };
		6C2469E31D17BF6800DE17C8 /* NSError+VKError.m in Sources */ = {isa = PBXBuildFile; fileRef = 6C2469E21D17BF6800DE17C8 /* NSError+VKError.m */; };
		6C2469E91D17C47800DE17C8 /* VKJSONKit.m in Sources */ = {isa = PBXBuildFile; fileRef = 6C2469E81D17C47800DE17C8 /* VKJSONKit.m */; };
		6C4E97791D61DF4600158484 /* VKKeyCommands.m in Sources */ = {isa = PBXBuildFile; fileRef = 6C4E97731D61DF4600158484 /* VKKeyCommands.m */; };
		6C4E977A1D61DF4600158484 /* UIWindow+VKShakeCommand.m in Sources */ = {isa = PBXBuildFile; fileRef = 6C4E97761D61DF4600158484 /* UIWindow+VKShakeCommand.m */; };
		6C4E977B1D61DF4600158484 /* VKShakeCommand.m in Sources */ = {isa = PBXBuildFile; fileRef = 6C4E97781D61DF4600158484 /* VKShakeCommand.m */; };
		6CC1CAF41CEF0193000DD04B /* main.m in Sources */ = {isa = PBXBuildFile; fileRef = 6CC1CAF31CEF0193000DD04B /* main.m */; };
		6CC1CAF71CEF0193000DD04B /* AppDelegate.m in Sources */ = {isa = PBXBuildFile; fileRef = 6CC1CAF61CEF0193000DD04B /* AppDelegate.m */; };
		6CC1CAFA1CEF0193000DD04B /* ViewController.m in Sources */ = {isa = PBXBuildFile; fileRef = 6CC1CAF91CEF0193000DD04B /* ViewController.m */; };
		6CC1CAFD1CEF0193000DD04B /* Main.storyboard in Resources */ = {isa = PBXBuildFile; fileRef = 6CC1CAFB1CEF0193000DD04B /* Main.storyboard */; };
		6CC1CAFF1CEF0193000DD04B /* Assets.xcassets in Resources */ = {isa = PBXBuildFile; fileRef = 6CC1CAFE1CEF0193000DD04B /* Assets.xcassets */; };
		6CC1CB021CEF0193000DD04B /* LaunchScreen.storyboard in Resources */ = {isa = PBXBuildFile; fileRef = 6CC1CB001CEF0193000DD04B /* LaunchScreen.storyboard */; };
/* End PBXBuildFile section */

/* Begin PBXFileReference section */
		6C2469BC1D17BF4000DE17C8 /* NSMutableAttributedString+VKAttributedString.h */ = {isa = PBXFileReference; fileEncoding = 4; lastKnownFileType = sourcecode.c.h; path = "NSMutableAttributedString+VKAttributedString.h"; sourceTree = "<group>"; };
		6C2469BD1D17BF4000DE17C8 /* NSMutableAttributedString+VKAttributedString.m */ = {isa = PBXFileReference; fileEncoding = 4; lastKnownFileType = sourcecode.c.objc; path = "NSMutableAttributedString+VKAttributedString.m"; sourceTree = "<group>"; };
		6C2469BE1D17BF4000DE17C8 /* NSObject+VKSingleton.h */ = {isa = PBXFileReference; fileEncoding = 4; lastKnownFileType = sourcecode.c.h; path = "NSObject+VKSingleton.h"; sourceTree = "<group>"; };
		6C2469BF1D17BF4000DE17C8 /* UIDevice+VKUtlities.h */ = {isa = PBXFileReference; fileEncoding = 4; lastKnownFileType = sourcecode.c.h; path = "UIDevice+VKUtlities.h"; sourceTree = "<group>"; };
		6C2469C01D17BF4000DE17C8 /* UIDevice+VKUtlities.m */ = {isa = PBXFileReference; fileEncoding = 4; lastKnownFileType = sourcecode.c.objc; path = "UIDevice+VKUtlities.m"; sourceTree = "<group>"; };
		6C2469C11D17BF4000DE17C8 /* UIView+VKMetrics.h */ = {isa = PBXFileReference; fileEncoding = 4; lastKnownFileType = sourcecode.c.h; path = "UIView+VKMetrics.h"; sourceTree = "<group>"; };
		6C2469C21D17BF4000DE17C8 /* UIView+VKMetrics.m */ = {isa = PBXFileReference; fileEncoding = 4; lastKnownFileType = sourcecode.c.objc; path = "UIView+VKMetrics.m"; sourceTree = "<group>"; };
		6C2469C31D17BF4000DE17C8 /* VKCommonFundation.h */ = {isa = PBXFileReference; fileEncoding = 4; lastKnownFileType = sourcecode.c.h; path = VKCommonFundation.h; sourceTree = "<group>"; };
		6C2469C41D17BF4000DE17C8 /* VKFoundationMarco.h */ = {isa = PBXFileReference; fileEncoding = 4; lastKnownFileType = sourcecode.c.h; path = VKFoundationMarco.h; sourceTree = "<group>"; };
		6C2469C51D17BF4000DE17C8 /* VKUIKitMarco.h */ = {isa = PBXFileReference; fileEncoding = 4; lastKnownFileType = sourcecode.c.h; path = VKUIKitMarco.h; sourceTree = "<group>"; };
		6C2469C61D17BF4000DE17C8 /* VKConsoleButton.h */ = {isa = PBXFileReference; fileEncoding = 4; lastKnownFileType = sourcecode.c.h; path = VKConsoleButton.h; sourceTree = "<group>"; };
		6C2469C71D17BF4000DE17C8 /* VKConsoleButton.m */ = {isa = PBXFileReference; fileEncoding = 4; lastKnownFileType = sourcecode.c.objc; path = VKConsoleButton.m; sourceTree = "<group>"; };
		6C2469C91D17BF4000DE17C8 /* VKDebugJPExtension.h */ = {isa = PBXFileReference; fileEncoding = 4; lastKnownFileType = sourcecode.c.h; path = VKDebugJPExtension.h; sourceTree = "<group>"; };
		6C2469CA1D17BF4000DE17C8 /* VKDebugJPExtension.m */ = {isa = PBXFileReference; fileEncoding = 4; lastKnownFileType = sourcecode.c.objc; path = VKDebugJPExtension.m; sourceTree = "<group>"; };
		6C2469CB1D17BF4000DE17C8 /* VKJPEngine.h */ = {isa = PBXFileReference; fileEncoding = 4; lastKnownFileType = sourcecode.c.h; path = VKJPEngine.h; sourceTree = "<group>"; };
		6C2469CC1D17BF4000DE17C8 /* VKJPEngine.m */ = {isa = PBXFileReference; fileEncoding = 4; lastKnownFileType = sourcecode.c.objc; path = VKJPEngine.m; sourceTree = "<group>"; };
		6C2469CD1D17BF4000DE17C8 /* VKJSPatch.js */ = {isa = PBXFileReference; fileEncoding = 4; lastKnownFileType = sourcecode.javascript; path = VKJSPatch.js; sourceTree = "<group>"; };
		6C2469CF1D17BF4000DE17C8 /* VKLogManager.h */ = {isa = PBXFileReference; fileEncoding = 4; lastKnownFileType = sourcecode.c.h; path = VKLogManager.h; sourceTree = "<group>"; };
		6C2469D01D17BF4000DE17C8 /* VKLogManager.m */ = {isa = PBXFileReference; fileEncoding = 4; lastKnownFileType = sourcecode.c.objc; path = VKLogManager.m; sourceTree = "<group>"; };
		6C2469D21D17BF4000DE17C8 /* VKScriptConsole.h */ = {isa = PBXFileReference; fileEncoding = 4; lastKnownFileType = sourcecode.c.h; path = VKScriptConsole.h; sourceTree = "<group>"; };
		6C2469D31D17BF4000DE17C8 /* VKScriptConsole.m */ = {isa = PBXFileReference; fileEncoding = 4; lastKnownFileType = sourcecode.c.objc; path = VKScriptConsole.m; sourceTree = "<group>"; };
		6C2469D41D17BF4000DE17C8 /* VKDebugConsole.h */ = {isa = PBXFileReference; fileEncoding = 4; lastKnownFileType = sourcecode.c.h; path = VKDebugConsole.h; sourceTree = "<group>"; };
		6C2469D51D17BF4000DE17C8 /* VKDebugConsole.m */ = {isa = PBXFileReference; fileEncoding = 4; lastKnownFileType = sourcecode.c.objc; path = VKDebugConsole.m; sourceTree = "<group>"; };
		6C2469D61D17BF4000DE17C8 /* VKDebugLogHelper.h */ = {isa = PBXFileReference; fileEncoding = 4; lastKnownFileType = sourcecode.c.h; path = VKDebugLogHelper.h; sourceTree = "<group>"; };
		6C2469E11D17BF6800DE17C8 /* NSError+VKError.h */ = {isa = PBXFileReference; fileEncoding = 4; lastKnownFileType = sourcecode.c.h; path = "NSError+VKError.h"; sourceTree = "<group>"; };
		6C2469E21D17BF6800DE17C8 /* NSError+VKError.m */ = {isa = PBXFileReference; fileEncoding = 4; lastKnownFileType = sourcecode.c.objc; path = "NSError+VKError.m"; sourceTree = "<group>"; };
		6C2469E71D17C47800DE17C8 /* VKJSONKit.h */ = {isa = PBXFileReference; fileEncoding = 4; lastKnownFileType = sourcecode.c.h; path = VKJSONKit.h; sourceTree = "<group>"; };
		6C2469E81D17C47800DE17C8 /* VKJSONKit.m */ = {isa = PBXFileReference; fileEncoding = 4; lastKnownFileType = sourcecode.c.objc; path = VKJSONKit.m; sourceTree = "<group>"; };
		6C4E97721D61DF4600158484 /* VKKeyCommands.h */ = {isa = PBXFileReference; fileEncoding = 4; lastKnownFileType = sourcecode.c.h; path = VKKeyCommands.h; sourceTree = "<group>"; };
		6C4E97731D61DF4600158484 /* VKKeyCommands.m */ = {isa = PBXFileReference; fileEncoding = 4; lastKnownFileType = sourcecode.c.objc; path = VKKeyCommands.m; sourceTree = "<group>"; };
		6C4E97751D61DF4600158484 /* UIWindow+VKShakeCommand.h */ = {isa = PBXFileReference; fileEncoding = 4; lastKnownFileType = sourcecode.c.h; path = "UIWindow+VKShakeCommand.h"; sourceTree = "<group>"; };
		6C4E97761D61DF4600158484 /* UIWindow+VKShakeCommand.m */ = {isa = PBXFileReference; fileEncoding = 4; lastKnownFileType = sourcecode.c.objc; path = "UIWindow+VKShakeCommand.m"; sourceTree = "<group>"; };
		6C4E97771D61DF4600158484 /* VKShakeCommand.h */ = {isa = PBXFileReference; fileEncoding = 4; lastKnownFileType = sourcecode.c.h; path = VKShakeCommand.h; sourceTree = "<group>"; };
		6C4E97781D61DF4600158484 /* VKShakeCommand.m */ = {isa = PBXFileReference; fileEncoding = 4; lastKnownFileType = sourcecode.c.objc; path = VKShakeCommand.m; sourceTree = "<group>"; };
		6CC1CAEF1CEF0193000DD04B /* VKDebugConsoleDemo.app */ = {isa = PBXFileReference; explicitFileType = wrapper.application; includeInIndex = 0; path = VKDebugConsoleDemo.app; sourceTree = BUILT_PRODUCTS_DIR; };
		6CC1CAF31CEF0193000DD04B /* main.m */ = {isa = PBXFileReference; lastKnownFileType = sourcecode.c.objc; path = main.m; sourceTree = "<group>"; };
		6CC1CAF51CEF0193000DD04B /* AppDelegate.h */ = {isa = PBXFileReference; lastKnownFileType = sourcecode.c.h; path = AppDelegate.h; sourceTree = "<group>"; };
		6CC1CAF61CEF0193000DD04B /* AppDelegate.m */ = {isa = PBXFileReference; lastKnownFileType = sourcecode.c.objc; path = AppDelegate.m; sourceTree = "<group>"; };
		6CC1CAF81CEF0193000DD04B /* ViewController.h */ = {isa = PBXFileReference; lastKnownFileType = sourcecode.c.h; path = ViewController.h; sourceTree = "<group>"; };
		6CC1CAF91CEF0193000DD04B /* ViewController.m */ = {isa = PBXFileReference; lastKnownFileType = sourcecode.c.objc; path = ViewController.m; sourceTree = "<group>"; };
		6CC1CAFC1CEF0193000DD04B /* Base */ = {isa = PBXFileReference; lastKnownFileType = file.storyboard; name = Base; path = Base.lproj/Main.storyboard; sourceTree = "<group>"; };
		6CC1CAFE1CEF0193000DD04B /* Assets.xcassets */ = {isa = PBXFileReference; lastKnownFileType = folder.assetcatalog; path = Assets.xcassets; sourceTree = "<group>"; };
		6CC1CB011CEF0193000DD04B /* Base */ = {isa = PBXFileReference; lastKnownFileType = file.storyboard; name = Base; path = Base.lproj/LaunchScreen.storyboard; sourceTree = "<group>"; };
		6CC1CB031CEF0193000DD04B /* Info.plist */ = {isa = PBXFileReference; lastKnownFileType = text.plist.xml; path = Info.plist; sourceTree = "<group>"; };
/* End PBXFileReference section */

/* Begin PBXFrameworksBuildPhase section */
		6CC1CAEC1CEF0193000DD04B /* Frameworks */ = {
			isa = PBXFrameworksBuildPhase;
			buildActionMask = 2147483647;
			files = (
			);
			runOnlyForDeploymentPostprocessing = 0;
		};
/* End PBXFrameworksBuildPhase section */

/* Begin PBXGroup section */
		6C2469B91D17BF4000DE17C8 /* VKDebugConsole */ = {
			isa = PBXGroup;
			children = (
				6C2469BA1D17BF4000DE17C8 /* VKConsoleModule */,
				6C2469D41D17BF4000DE17C8 /* VKDebugConsole.h */,
				6C2469D51D17BF4000DE17C8 /* VKDebugConsole.m */,
				6C2469D61D17BF4000DE17C8 /* VKDebugLogHelper.h */,
			);
			path = VKDebugConsole;
			sourceTree = "<group>";
		};
		6C2469BA1D17BF4000DE17C8 /* VKConsoleModule */ = {
			isa = PBXGroup;
			children = (
				6C4E97701D61DF4600158484 /* VKCommands */,
				6C2469C81D17BF4000DE17C8 /* VKDebugJPEngine */,
				6C2469CE1D17BF4000DE17C8 /* VKDebugPlugin */,
				6C2469D11D17BF4000DE17C8 /* VKDebugScript */,
				6C2469BB1D17BF4000DE17C8 /* VKCategoryHelper */,
				6C2469C61D17BF4000DE17C8 /* VKConsoleButton.h */,
				6C2469C71D17BF4000DE17C8 /* VKConsoleButton.m */,
				6C2469D21D17BF4000DE17C8 /* VKScriptConsole.h */,
				6C2469D31D17BF4000DE17C8 /* VKScriptConsole.m */,
			);
			path = VKConsoleModule;
			sourceTree = "<group>";
		};
		6C2469BB1D17BF4000DE17C8 /* VKCategoryHelper */ = {
			isa = PBXGroup;
			children = (
				6C2469E71D17C47800DE17C8 /* VKJSONKit.h */,
				6C2469E81D17C47800DE17C8 /* VKJSONKit.m */,
				6C2469BC1D17BF4000DE17C8 /* NSMutableAttributedString+VKAttributedString.h */,
				6C2469BD1D17BF4000DE17C8 /* NSMutableAttributedString+VKAttributedString.m */,
				6C2469BE1D17BF4000DE17C8 /* NSObject+VKSingleton.h */,
				6C2469BF1D17BF4000DE17C8 /* UIDevice+VKUtlities.h */,
				6C2469C01D17BF4000DE17C8 /* UIDevice+VKUtlities.m */,
				6C2469C11D17BF4000DE17C8 /* UIView+VKMetrics.h */,
				6C2469C21D17BF4000DE17C8 /* UIView+VKMetrics.m */,
				6C2469C31D17BF4000DE17C8 /* VKCommonFundation.h */,
				6C2469C41D17BF4000DE17C8 /* VKFoundationMarco.h */,
				6C2469C51D17BF4000DE17C8 /* VKUIKitMarco.h */,
			);
			path = VKCategoryHelper;
			sourceTree = "<group>";
		};
		6C2469C81D17BF4000DE17C8 /* VKDebugJPEngine */ = {
			isa = PBXGroup;
			children = (
				6C2469C91D17BF4000DE17C8 /* VKDebugJPExtension.h */,
				6C2469CA1D17BF4000DE17C8 /* VKDebugJPExtension.m */,
				6C2469CB1D17BF4000DE17C8 /* VKJPEngine.h */,
				6C2469CC1D17BF4000DE17C8 /* VKJPEngine.m */,
				6C2469CD1D17BF4000DE17C8 /* VKJSPatch.js */,
			);
			path = VKDebugJPEngine;
			sourceTree = "<group>";
		};
		6C2469CE1D17BF4000DE17C8 /* VKDebugPlugin */ = {
			isa = PBXGroup;
			children = (
				6C2469CF1D17BF4000DE17C8 /* VKLogManager.h */,
				6C2469D01D17BF4000DE17C8 /* VKLogManager.m */,
				6C2469E11D17BF6800DE17C8 /* NSError+VKError.h */,
				6C2469E21D17BF6800DE17C8 /* NSError+VKError.m */,
			);
			path = VKDebugPlugin;
			sourceTree = "<group>";
		};
		6C2469D11D17BF4000DE17C8 /* VKDebugScript */ = {
			isa = PBXGroup;
			children = (
			);
			path = VKDebugScript;
			sourceTree = "<group>";
		};
		6C4E97701D61DF4600158484 /* VKCommands */ = {
			isa = PBXGroup;
			children = (
				6C4E97711D61DF4600158484 /* VKKeyCommands */,
				6C4E97741D61DF4600158484 /* VKShakeCommands */,
			);
			path = VKCommands;
			sourceTree = "<group>";
		};
		6C4E97711D61DF4600158484 /* VKKeyCommands */ = {
			isa = PBXGroup;
			children = (
				6C4E97721D61DF4600158484 /* VKKeyCommands.h */,
				6C4E97731D61DF4600158484 /* VKKeyCommands.m */,
			);
			path = VKKeyCommands;
			sourceTree = "<group>";
		};
		6C4E97741D61DF4600158484 /* VKShakeCommands */ = {
			isa = PBXGroup;
			children = (
				6C4E97751D61DF4600158484 /* UIWindow+VKShakeCommand.h */,
				6C4E97761D61DF4600158484 /* UIWindow+VKShakeCommand.m */,
				6C4E97771D61DF4600158484 /* VKShakeCommand.h */,
				6C4E97781D61DF4600158484 /* VKShakeCommand.m */,
			);
			path = VKShakeCommands;
			sourceTree = "<group>";
		};
		6CC1CAE61CEF0193000DD04B = {
			isa = PBXGroup;
			children = (
				6C2469B91D17BF4000DE17C8 /* VKDebugConsole */,
				6CC1CAF11CEF0193000DD04B /* VKDebugConsoleDemo */,
				6CC1CAF01CEF0193000DD04B /* Products */,
			);
			sourceTree = "<group>";
		};
		6CC1CAF01CEF0193000DD04B /* Products */ = {
			isa = PBXGroup;
			children = (
				6CC1CAEF1CEF0193000DD04B /* VKDebugConsoleDemo.app */,
			);
			name = Products;
			sourceTree = "<group>";
		};
		6CC1CAF11CEF0193000DD04B /* VKDebugConsoleDemo */ = {
			isa = PBXGroup;
			children = (
				6CC1CAF51CEF0193000DD04B /* AppDelegate.h */,
				6CC1CAF61CEF0193000DD04B /* AppDelegate.m */,
				6CC1CAF81CEF0193000DD04B /* ViewController.h */,
				6CC1CAF91CEF0193000DD04B /* ViewController.m */,
				6CC1CAFB1CEF0193000DD04B /* Main.storyboard */,
				6CC1CAFE1CEF0193000DD04B /* Assets.xcassets */,
				6CC1CB001CEF0193000DD04B /* LaunchScreen.storyboard */,
				6CC1CB031CEF0193000DD04B /* Info.plist */,
				6CC1CAF21CEF0193000DD04B /* Supporting Files */,
			);
			path = VKDebugConsoleDemo;
			sourceTree = "<group>";
		};
		6CC1CAF21CEF0193000DD04B /* Supporting Files */ = {
			isa = PBXGroup;
			children = (
				6CC1CAF31CEF0193000DD04B /* main.m */,
			);
			name = "Supporting Files";
			sourceTree = "<group>";
		};
/* End PBXGroup section */

/* Begin PBXNativeTarget section */
		6CC1CAEE1CEF0193000DD04B /* VKDebugConsoleDemo */ = {
			isa = PBXNativeTarget;
			buildConfigurationList = 6CC1CB061CEF0193000DD04B /* Build configuration list for PBXNativeTarget "VKDebugConsoleDemo" */;
			buildPhases = (
				6CC1CAEB1CEF0193000DD04B /* Sources */,
				6CC1CAEC1CEF0193000DD04B /* Frameworks */,
				6CC1CAED1CEF0193000DD04B /* Resources */,
			);
			buildRules = (
			);
			dependencies = (
			);
			name = VKDebugConsoleDemo;
			productName = VKDebugConsoleDemo;
			productReference = 6CC1CAEF1CEF0193000DD04B /* VKDebugConsoleDemo.app */;
			productType = "com.apple.product-type.application";
		};
/* End PBXNativeTarget section */

/* Begin PBXProject section */
		6CC1CAE71CEF0193000DD04B /* Project object */ = {
			isa = PBXProject;
			attributes = {
				LastUpgradeCheck = 0720;
				ORGANIZATIONNAME = baidu;
				TargetAttributes = {
					6CC1CAEE1CEF0193000DD04B = {
						CreatedOnToolsVersion = 7.2.1;
					};
				};
			};
			buildConfigurationList = 6CC1CAEA1CEF0193000DD04B /* Build configuration list for PBXProject "VKDebugConsoleDemo" */;
			compatibilityVersion = "Xcode 3.2";
			developmentRegion = English;
			hasScannedForEncodings = 0;
			knownRegions = (
				en,
				Base,
			);
			mainGroup = 6CC1CAE61CEF0193000DD04B;
			productRefGroup = 6CC1CAF01CEF0193000DD04B /* Products */;
			projectDirPath = "";
			projectRoot = "";
			targets = (
				6CC1CAEE1CEF0193000DD04B /* VKDebugConsoleDemo */,
			);
		};
/* End PBXProject section */

/* Begin PBXResourcesBuildPhase section */
		6CC1CAED1CEF0193000DD04B /* Resources */ = {
			isa = PBXResourcesBuildPhase;
			buildActionMask = 2147483647;
			files = (
				6CC1CB021CEF0193000DD04B /* LaunchScreen.storyboard in Resources */,
				6C2469DD1D17BF4000DE17C8 /* VKJSPatch.js in Resources */,
				6CC1CAFF1CEF0193000DD04B /* Assets.xcassets in Resources */,
				6CC1CAFD1CEF0193000DD04B /* Main.storyboard in Resources */,
			);
			runOnlyForDeploymentPostprocessing = 0;
		};
/* End PBXResourcesBuildPhase section */

/* Begin PBXSourcesBuildPhase section */
		6CC1CAEB1CEF0193000DD04B /* Sources */ = {
			isa = PBXSourcesBuildPhase;
			buildActionMask = 2147483647;
			files = (
				6C2469DA1D17BF4000DE17C8 /* VKConsoleButton.m in Sources */,
				6C4E977A1D61DF4600158484 /* UIWindow+VKShakeCommand.m in Sources */,
				6CC1CAFA1CEF0193000DD04B /* ViewController.m in Sources */,
				6CC1CAF71CEF0193000DD04B /* AppDelegate.m in Sources */,
				6C2469DE1D17BF4000DE17C8 /* VKLogManager.m in Sources */,
				6C2469D71D17BF4000DE17C8 /* NSMutableAttributedString+VKAttributedString.m in Sources */,
				6C2469E31D17BF6800DE17C8 /* NSError+VKError.m in Sources */,
				6CC1CAF41CEF0193000DD04B /* main.m in Sources */,
				6C2469D81D17BF4000DE17C8 /* UIDevice+VKUtlities.m in Sources */,
				6C2469DF1D17BF4000DE17C8 /* VKScriptConsole.m in Sources */,
				6C4E977B1D61DF4600158484 /* VKShakeCommand.m in Sources */,
				6C4E97791D61DF4600158484 /* VKKeyCommands.m in Sources */,
				6C2469DC1D17BF4000DE17C8 /* VKJPEngine.m in Sources */,
				6C2469DB1D17BF4000DE17C8 /* VKDebugJPExtension.m in Sources */,
				6C2469E01D17BF4000DE17C8 /* VKDebugConsole.m in Sources */,
				6C2469D91D17BF4000DE17C8 /* UIView+VKMetrics.m in Sources */,
				6C2469E91D17C47800DE17C8 /* VKJSONKit.m in Sources */,
			);
			runOnlyForDeploymentPostprocessing = 0;
		};
/* End PBXSourcesBuildPhase section */

/* Begin PBXVariantGroup section */
		6CC1CAFB1CEF0193000DD04B /* Main.storyboard */ = {
			isa = PBXVariantGroup;
			children = (
				6CC1CAFC1CEF0193000DD04B /* Base */,
			);
			name = Main.storyboard;
			sourceTree = "<group>";
		};
		6CC1CB001CEF0193000DD04B /* LaunchScreen.storyboard */ = {
			isa = PBXVariantGroup;
			children = (
				6CC1CB011CEF0193000DD04B /* Base */,
			);
			name = LaunchScreen.storyboard;
			sourceTree = "<group>";
		};
/* End PBXVariantGroup section */

/* Begin XCBuildConfiguration section */
		6CC1CB041CEF0193000DD04B /* Debug */ = {
			isa = XCBuildConfiguration;
			buildSettings = {
				ALWAYS_SEARCH_USER_PATHS = NO;
				CLANG_CXX_LANGUAGE_STANDARD = "gnu++0x";
				CLANG_CXX_LIBRARY = "libc++";
				CLANG_ENABLE_MODULES = YES;
				CLANG_ENABLE_OBJC_ARC = YES;
				CLANG_WARN_BOOL_CONVERSION = YES;
				CLANG_WARN_CONSTANT_CONVERSION = YES;
				CLANG_WARN_DIRECT_OBJC_ISA_USAGE = YES_ERROR;
				CLANG_WARN_EMPTY_BODY = YES;
				CLANG_WARN_ENUM_CONVERSION = YES;
				CLANG_WARN_INT_CONVERSION = YES;
				CLANG_WARN_OBJC_ROOT_CLASS = YES_ERROR;
				CLANG_WARN_UNREACHABLE_CODE = YES;
				CLANG_WARN__DUPLICATE_METHOD_MATCH = YES;
				"CODE_SIGN_IDENTITY[sdk=iphoneos*]" = "iPhone Developer";
				COPY_PHASE_STRIP = NO;
				DEBUG_INFORMATION_FORMAT = dwarf;
				ENABLE_STRICT_OBJC_MSGSEND = YES;
				ENABLE_TESTABILITY = YES;
				GCC_C_LANGUAGE_STANDARD = gnu99;
				GCC_DYNAMIC_NO_PIC = NO;
				GCC_NO_COMMON_BLOCKS = YES;
				GCC_OPTIMIZATION_LEVEL = 0;
				GCC_PREPROCESSOR_DEFINITIONS = (
					"DEBUG=1",
					"$(inherited)",
				);
				GCC_WARN_64_TO_32_BIT_CONVERSION = YES;
				GCC_WARN_ABOUT_RETURN_TYPE = YES_ERROR;
				GCC_WARN_UNDECLARED_SELECTOR = YES;
				GCC_WARN_UNINITIALIZED_AUTOS = YES_AGGRESSIVE;
				GCC_WARN_UNUSED_FUNCTION = YES;
				GCC_WARN_UNUSED_VARIABLE = YES;
				IPHONEOS_DEPLOYMENT_TARGET = 9.2;
				MTL_ENABLE_DEBUG_INFO = YES;
				ONLY_ACTIVE_ARCH = YES;
				SDKROOT = iphoneos;
				TARGETED_DEVICE_FAMILY = "1,2";
			};
			name = Debug;
		};
		6CC1CB051CEF0193000DD04B /* Release */ = {
			isa = XCBuildConfiguration;
			buildSettings = {
				ALWAYS_SEARCH_USER_PATHS = NO;
				CLANG_CXX_LANGUAGE_STANDARD = "gnu++0x";
				CLANG_CXX_LIBRARY = "libc++";
				CLANG_ENABLE_MODULES = YES;
				CLANG_ENABLE_OBJC_ARC = YES;
				CLANG_WARN_BOOL_CONVERSION = YES;
				CLANG_WARN_CONSTANT_CONVERSION = YES;
				CLANG_WARN_DIRECT_OBJC_ISA_USAGE = YES_ERROR;
				CLANG_WARN_EMPTY_BODY = YES;
				CLANG_WARN_ENUM_CONVERSION = YES;
				CLANG_WARN_INT_CONVERSION = YES;
				CLANG_WARN_OBJC_ROOT_CLASS = YES_ERROR;
				CLANG_WARN_UNREACHABLE_CODE = YES;
				CLANG_WARN__DUPLICATE_METHOD_MATCH = YES;
				"CODE_SIGN_IDENTITY[sdk=iphoneos*]" = "iPhone Developer";
				COPY_PHASE_STRIP = NO;
				DEBUG_INFORMATION_FORMAT = "dwarf-with-dsym";
				ENABLE_NS_ASSERTIONS = NO;
				ENABLE_STRICT_OBJC_MSGSEND = YES;
				GCC_C_LANGUAGE_STANDARD = gnu99;
				GCC_NO_COMMON_BLOCKS = YES;
				GCC_WARN_64_TO_32_BIT_CONVERSION = YES;
				GCC_WARN_ABOUT_RETURN_TYPE = YES_ERROR;
				GCC_WARN_UNDECLARED_SELECTOR = YES;
				GCC_WARN_UNINITIALIZED_AUTOS = YES_AGGRESSIVE;
				GCC_WARN_UNUSED_FUNCTION = YES;
				GCC_WARN_UNUSED_VARIABLE = YES;
				IPHONEOS_DEPLOYMENT_TARGET = 9.2;
				MTL_ENABLE_DEBUG_INFO = NO;
				SDKROOT = iphoneos;
				TARGETED_DEVICE_FAMILY = "1,2";
				VALIDATE_PRODUCT = YES;
			};
			name = Release;
		};
		6CC1CB071CEF0193000DD04B /* Debug */ = {
			isa = XCBuildConfiguration;
			buildSettings = {
				ASSETCATALOG_COMPILER_APPICON_NAME = AppIcon;
				INFOPLIST_FILE = VKDebugConsoleDemo/Info.plist;
				LD_RUNPATH_SEARCH_PATHS = "$(inherited) @executable_path/Frameworks";
				PRODUCT_BUNDLE_IDENTIFIER = com.baidu.VKDebugConsoleDemo;
				PRODUCT_NAME = "$(TARGET_NAME)";
			};
			name = Debug;
		};
		6CC1CB081CEF0193000DD04B /* Release */ = {
			isa = XCBuildConfiguration;
			buildSettings = {
				ASSETCATALOG_COMPILER_APPICON_NAME = AppIcon;
				INFOPLIST_FILE = VKDebugConsoleDemo/Info.plist;
				LD_RUNPATH_SEARCH_PATHS = "$(inherited) @executable_path/Frameworks";
				PRODUCT_BUNDLE_IDENTIFIER = com.baidu.VKDebugConsoleDemo;
				PRODUCT_NAME = "$(TARGET_NAME)";
			};
			name = Release;
		};
/* End XCBuildConfiguration section */

/* Begin XCConfigurationList section */
		6CC1CAEA1CEF0193000DD04B /* Build configuration list for PBXProject "VKDebugConsoleDemo" */ = {
			isa = XCConfigurationList;
			buildConfigurations = (
				6CC1CB041CEF0193000DD04B /* Debug */,
				6CC1CB051CEF0193000DD04B /* Release */,
			);
			defaultConfigurationIsVisible = 0;
			defaultConfigurationName = Release;
		};
		6CC1CB061CEF0193000DD04B /* Build configuration list for PBXNativeTarget "VKDebugConsoleDemo" */ = {
			isa = XCConfigurationList;
			buildConfigurations = (
				6CC1CB071CEF0193000DD04B /* Debug */,
				6CC1CB081CEF0193000DD04B /* Release */,
			);
			defaultConfigurationIsVisible = 0;
			defaultConfigurationName = Release;
		};
/* End XCConfigurationList section */
	};
	rootObject = 6CC1CAE71CEF0193000DD04B /* Project object */;
}
