// !$*UTF8*$!
{
	archiveVersion = 1;
	classes = {
	};
	objectVersion = 46;
	objects = {

/* Begin PBXBuildFile section */
		6C4E978A1D6437A300158484 /* main.m in Sources */ = {isa = PBXBuildFile; fileRef = 6C4E97891D6437A300158484 /* main.m */; };
		6C4E978D1D6437A300158484 /* AppDelegate.m in Sources */ = {isa = PBXBuildFile; fileRef = 6C4E978C1D6437A300158484 /* AppDelegate.m */; };
		6C4E97901D6437A300158484 /* ViewController.m in Sources */ = {isa = PBXBuildFile; fileRef = 6C4E978F1D6437A300158484 /* ViewController.m */; };
		6C4E97931D6437A300158484 /* Main.storyboard in Resources */ = {isa = PBXBuildFile; fileRef = 6C4E97911D6437A300158484 /* Main.storyboard */; };
		6C4E97951D6437A300158484 /* Assets.xcassets in Resources */ = {isa = PBXBuildFile; fileRef = 6C4E97941D6437A300158484 /* Assets.xcassets */; };
		6C4E97981D6437A300158484 /* LaunchScreen.storyboard in Resources */ = {isa = PBXBuildFile; fileRef = 6C4E97961D6437A300158484 /* LaunchScreen.storyboard */; };
		6C4E97C21D64382100158484 /* NSMutableAttributedString+VKAttributedString.m in Sources */ = {isa = PBXBuildFile; fileRef = 6C4E97A81D64382100158484 /* NSMutableAttributedString+VKAttributedString.m */; };
		6C4E97C31D64382100158484 /* UIDevice+VKUtlities.m in Sources */ = {isa = PBXBuildFile; fileRef = 6C4E97AB1D64382100158484 /* UIDevice+VKUtlities.m */; };
		6C4E97C41D64382100158484 /* UIView+VKMetrics.m in Sources */ = {isa = PBXBuildFile; fileRef = 6C4E97AD1D64382100158484 /* UIView+VKMetrics.m */; };
		6C4E97C51D64382100158484 /* VKJSONKit.m in Sources */ = {isa = PBXBuildFile; fileRef = 6C4E97B11D64382100158484 /* VKJSONKit.m */; };
		6C4E97C61D64382100158484 /* VKKeyCommands.m in Sources */ = {isa = PBXBuildFile; fileRef = 6C4E97B61D64382100158484 /* VKKeyCommands.m */; };
		6C4E97C71D64382100158484 /* UIWindow+VKShakeCommand.m in Sources */ = {isa = PBXBuildFile; fileRef = 6C4E97B91D64382100158484 /* UIWindow+VKShakeCommand.m */; };
		6C4E97C81D64382100158484 /* VKShakeCommand.m in Sources */ = {isa = PBXBuildFile; fileRef = 6C4E97BB1D64382100158484 /* VKShakeCommand.m */; };
		6C4E97C91D64382100158484 /* VKDebugJPExtension.m in Sources */ = {isa = PBXBuildFile; fileRef = 6C4E97BE1D64382100158484 /* VKDebugJPExtension.m */; };
		6C4E97CA1D64382100158484 /* VKJPEngine.m in Sources */ = {isa = PBXBuildFile; fileRef = 6C4E97C01D64382100158484 /* VKJPEngine.m */; };
		6C4E97CB1D64382100158484 /* VKJSPatch.js in Resources */ = {isa = PBXBuildFile; fileRef = 6C4E97C11D64382100158484 /* VKJSPatch.js */; };
		6C4E97CE1D6438F600158484 /* VKDevTool.m in Sources */ = {isa = PBXBuildFile; fileRef = 6C4E97CD1D6438F600158484 /* VKDevTool.m */; };
		6C4E97DA1D643C0F00158484 /* VKDevMainModule.m in Sources */ = {isa = PBXBuildFile; fileRef = 6C4E97D91D643C0F00158484 /* VKDevMainModule.m */; };
		6C4E97E01D643C5200158484 /* VKDevMenu.m in Sources */ = {isa = PBXBuildFile; fileRef = 6C4E97DD1D643C5200158484 /* VKDevMenu.m */; };
		6C4E97E11D643C5200158484 /* VKDevTipView.m in Sources */ = {isa = PBXBuildFile; fileRef = 6C4E97DF1D643C5200158484 /* VKDevTipView.m */; };
		6C4E97E51D644C0900158484 /* VKScriptConsoleView.m in Sources */ = {isa = PBXBuildFile; fileRef = 6C4E97E41D644C0900158484 /* VKScriptConsoleView.m */; };
		6C4E97E81D644C2B00158484 /* VKDevScriptModule.m in Sources */ = {isa = PBXBuildFile; fileRef = 6C4E97E71D644C2B00158484 /* VKDevScriptModule.m */; };
		6C4E97EC1D64653300158484 /* VKDevLogModule.m in Sources */ = {isa = PBXBuildFile; fileRef = 6C4E97EB1D64653300158484 /* VKDevLogModule.m */; };
		6C4E97EF1D64696D00158484 /* VKLogConsoleView.m in Sources */ = {isa = PBXBuildFile; fileRef = 6C4E97EE1D64696D00158484 /* VKLogConsoleView.m */; };
		6C4E97F21D6469B700158484 /* VKDevConsoleView.m in Sources */ = {isa = PBXBuildFile; fileRef = 6C4E97F11D6469B700158484 /* VKDevConsoleView.m */; };
/* End PBXBuildFile section */

/* Begin PBXFileReference section */
		6C4E97851D6437A300158484 /* VKDebugToolDemo.app */ = {isa = PBXFileReference; explicitFileType = wrapper.application; includeInIndex = 0; path = VKDebugToolDemo.app; sourceTree = BUILT_PRODUCTS_DIR; };
		6C4E97891D6437A300158484 /* main.m */ = {isa = PBXFileReference; lastKnownFileType = sourcecode.c.objc; path = main.m; sourceTree = "<group>"; };
		6C4E978B1D6437A300158484 /* AppDelegate.h */ = {isa = PBXFileReference; lastKnownFileType = sourcecode.c.h; path = AppDelegate.h; sourceTree = "<group>"; };
		6C4E978C1D6437A300158484 /* AppDelegate.m */ = {isa = PBXFileReference; lastKnownFileType = sourcecode.c.objc; path = AppDelegate.m; sourceTree = "<group>"; };
		6C4E978E1D6437A300158484 /* ViewController.h */ = {isa = PBXFileReference; lastKnownFileType = sourcecode.c.h; path = ViewController.h; sourceTree = "<group>"; };
		6C4E978F1D6437A300158484 /* ViewController.m */ = {isa = PBXFileReference; lastKnownFileType = sourcecode.c.objc; path = ViewController.m; sourceTree = "<group>"; };
		6C4E97921D6437A300158484 /* Base */ = {isa = PBXFileReference; lastKnownFileType = file.storyboard; name = Base; path = Base.lproj/Main.storyboard; sourceTree = "<group>"; };
		6C4E97941D6437A300158484 /* Assets.xcassets */ = {isa = PBXFileReference; lastKnownFileType = folder.assetcatalog; path = Assets.xcassets; sourceTree = "<group>"; };
		6C4E97971D6437A300158484 /* Base */ = {isa = PBXFileReference; lastKnownFileType = file.storyboard; name = Base; path = Base.lproj/LaunchScreen.storyboard; sourceTree = "<group>"; };
		6C4E97991D6437A300158484 /* Info.plist */ = {isa = PBXFileReference; lastKnownFileType = text.plist.xml; path = Info.plist; sourceTree = "<group>"; };
		6C4E97A71D64382100158484 /* NSMutableAttributedString+VKAttributedString.h */ = {isa = PBXFileReference; fileEncoding = 4; lastKnownFileType = sourcecode.c.h; path = "NSMutableAttributedString+VKAttributedString.h"; sourceTree = "<group>"; };
		6C4E97A81D64382100158484 /* NSMutableAttributedString+VKAttributedString.m */ = {isa = PBXFileReference; fileEncoding = 4; lastKnownFileType = sourcecode.c.objc; path = "NSMutableAttributedString+VKAttributedString.m"; sourceTree = "<group>"; };
		6C4E97A91D64382100158484 /* NSObject+VKSingleton.h */ = {isa = PBXFileReference; fileEncoding = 4; lastKnownFileType = sourcecode.c.h; path = "NSObject+VKSingleton.h"; sourceTree = "<group>"; };
		6C4E97AA1D64382100158484 /* UIDevice+VKUtlities.h */ = {isa = PBXFileReference; fileEncoding = 4; lastKnownFileType = sourcecode.c.h; path = "UIDevice+VKUtlities.h"; sourceTree = "<group>"; };
		6C4E97AB1D64382100158484 /* UIDevice+VKUtlities.m */ = {isa = PBXFileReference; fileEncoding = 4; lastKnownFileType = sourcecode.c.objc; path = "UIDevice+VKUtlities.m"; sourceTree = "<group>"; };
		6C4E97AC1D64382100158484 /* UIView+VKMetrics.h */ = {isa = PBXFileReference; fileEncoding = 4; lastKnownFileType = sourcecode.c.h; path = "UIView+VKMetrics.h"; sourceTree = "<group>"; };
		6C4E97AD1D64382100158484 /* UIView+VKMetrics.m */ = {isa = PBXFileReference; fileEncoding = 4; lastKnownFileType = sourcecode.c.objc; path = "UIView+VKMetrics.m"; sourceTree = "<group>"; };
		6C4E97AE1D64382100158484 /* VKCommonFundation.h */ = {isa = PBXFileReference; fileEncoding = 4; lastKnownFileType = sourcecode.c.h; path = VKCommonFundation.h; sourceTree = "<group>"; };
		6C4E97AF1D64382100158484 /* VKFoundationMarco.h */ = {isa = PBXFileReference; fileEncoding = 4; lastKnownFileType = sourcecode.c.h; path = VKFoundationMarco.h; sourceTree = "<group>"; };
		6C4E97B01D64382100158484 /* VKJSONKit.h */ = {isa = PBXFileReference; fileEncoding = 4; lastKnownFileType = sourcecode.c.h; path = VKJSONKit.h; sourceTree = "<group>"; };
		6C4E97B11D64382100158484 /* VKJSONKit.m */ = {isa = PBXFileReference; fileEncoding = 4; lastKnownFileType = sourcecode.c.objc; path = VKJSONKit.m; sourceTree = "<group>"; };
		6C4E97B21D64382100158484 /* VKUIKitMarco.h */ = {isa = PBXFileReference; fileEncoding = 4; lastKnownFileType = sourcecode.c.h; path = VKUIKitMarco.h; sourceTree = "<group>"; };
		6C4E97B51D64382100158484 /* VKKeyCommands.h */ = {isa = PBXFileReference; fileEncoding = 4; lastKnownFileType = sourcecode.c.h; path = VKKeyCommands.h; sourceTree = "<group>"; };
		6C4E97B61D64382100158484 /* VKKeyCommands.m */ = {isa = PBXFileReference; fileEncoding = 4; lastKnownFileType = sourcecode.c.objc; path = VKKeyCommands.m; sourceTree = "<group>"; };
		6C4E97B81D64382100158484 /* UIWindow+VKShakeCommand.h */ = {isa = PBXFileReference; fileEncoding = 4; lastKnownFileType = sourcecode.c.h; path = "UIWindow+VKShakeCommand.h"; sourceTree = "<group>"; };
		6C4E97B91D64382100158484 /* UIWindow+VKShakeCommand.m */ = {isa = PBXFileReference; fileEncoding = 4; lastKnownFileType = sourcecode.c.objc; path = "UIWindow+VKShakeCommand.m"; sourceTree = "<group>"; };
		6C4E97BA1D64382100158484 /* VKShakeCommand.h */ = {isa = PBXFileReference; fileEncoding = 4; lastKnownFileType = sourcecode.c.h; path = VKShakeCommand.h; sourceTree = "<group>"; };
		6C4E97BB1D64382100158484 /* VKShakeCommand.m */ = {isa = PBXFileReference; fileEncoding = 4; lastKnownFileType = sourcecode.c.objc; path = VKShakeCommand.m; sourceTree = "<group>"; };
		6C4E97BD1D64382100158484 /* VKDebugJPExtension.h */ = {isa = PBXFileReference; fileEncoding = 4; lastKnownFileType = sourcecode.c.h; path = VKDebugJPExtension.h; sourceTree = "<group>"; };
		6C4E97BE1D64382100158484 /* VKDebugJPExtension.m */ = {isa = PBXFileReference; fileEncoding = 4; lastKnownFileType = sourcecode.c.objc; path = VKDebugJPExtension.m; sourceTree = "<group>"; };
		6C4E97BF1D64382100158484 /* VKJPEngine.h */ = {isa = PBXFileReference; fileEncoding = 4; lastKnownFileType = sourcecode.c.h; path = VKJPEngine.h; sourceTree = "<group>"; };
		6C4E97C01D64382100158484 /* VKJPEngine.m */ = {isa = PBXFileReference; fileEncoding = 4; lastKnownFileType = sourcecode.c.objc; path = VKJPEngine.m; sourceTree = "<group>"; };
		6C4E97C11D64382100158484 /* VKJSPatch.js */ = {isa = PBXFileReference; fileEncoding = 4; lastKnownFileType = sourcecode.javascript; path = VKJSPatch.js; sourceTree = "<group>"; };
		6C4E97CC1D6438F600158484 /* VKDevTool.h */ = {isa = PBXFileReference; fileEncoding = 4; lastKnownFileType = sourcecode.c.h; path = VKDevTool.h; sourceTree = "<group>"; };
		6C4E97CD1D6438F600158484 /* VKDevTool.m */ = {isa = PBXFileReference; fileEncoding = 4; lastKnownFileType = sourcecode.c.objc; path = VKDevTool.m; sourceTree = "<group>"; };
		6C4E97D51D64399C00158484 /* VKDevToolDefine.h */ = {isa = PBXFileReference; lastKnownFileType = sourcecode.c.h; path = VKDevToolDefine.h; sourceTree = "<group>"; };
		6C4E97D71D643BFD00158484 /* VKDevModuleProtocol.h */ = {isa = PBXFileReference; fileEncoding = 4; lastKnownFileType = sourcecode.c.h; path = VKDevModuleProtocol.h; sourceTree = "<group>"; };
		6C4E97D81D643C0F00158484 /* VKDevMainModule.h */ = {isa = PBXFileReference; fileEncoding = 4; lastKnownFileType = sourcecode.c.h; path = VKDevMainModule.h; sourceTree = "<group>"; };
		6C4E97D91D643C0F00158484 /* VKDevMainModule.m */ = {isa = PBXFileReference; fileEncoding = 4; lastKnownFileType = sourcecode.c.objc; path = VKDevMainModule.m; sourceTree = "<group>"; };
		6C4E97DC1D643C5200158484 /* VKDevMenu.h */ = {isa = PBXFileReference; fileEncoding = 4; lastKnownFileType = sourcecode.c.h; path = VKDevMenu.h; sourceTree = "<group>"; };
		6C4E97DD1D643C5200158484 /* VKDevMenu.m */ = {isa = PBXFileReference; fileEncoding = 4; lastKnownFileType = sourcecode.c.objc; path = VKDevMenu.m; sourceTree = "<group>"; };
		6C4E97DE1D643C5200158484 /* VKDevTipView.h */ = {isa = PBXFileReference; fileEncoding = 4; lastKnownFileType = sourcecode.c.h; path = VKDevTipView.h; sourceTree = "<group>"; };
		6C4E97DF1D643C5200158484 /* VKDevTipView.m */ = {isa = PBXFileReference; fileEncoding = 4; lastKnownFileType = sourcecode.c.objc; path = VKDevTipView.m; sourceTree = "<group>"; };
		6C4E97E31D644C0900158484 /* VKScriptConsoleView.h */ = {isa = PBXFileReference; fileEncoding = 4; lastKnownFileType = sourcecode.c.h; path = VKScriptConsoleView.h; sourceTree = "<group>"; };
		6C4E97E41D644C0900158484 /* VKScriptConsoleView.m */ = {isa = PBXFileReference; fileEncoding = 4; lastKnownFileType = sourcecode.c.objc; path = VKScriptConsoleView.m; sourceTree = "<group>"; };
		6C4E97E61D644C2B00158484 /* VKDevScriptModule.h */ = {isa = PBXFileReference; fileEncoding = 4; lastKnownFileType = sourcecode.c.h; path = VKDevScriptModule.h; sourceTree = "<group>"; };
		6C4E97E71D644C2B00158484 /* VKDevScriptModule.m */ = {isa = PBXFileReference; fileEncoding = 4; lastKnownFileType = sourcecode.c.objc; path = VKDevScriptModule.m; sourceTree = "<group>"; };
		6C4E97EA1D64653300158484 /* VKDevLogModule.h */ = {isa = PBXFileReference; fileEncoding = 4; lastKnownFileType = sourcecode.c.h; path = VKDevLogModule.h; sourceTree = "<group>"; };
		6C4E97EB1D64653300158484 /* VKDevLogModule.m */ = {isa = PBXFileReference; fileEncoding = 4; lastKnownFileType = sourcecode.c.objc; path = VKDevLogModule.m; sourceTree = "<group>"; };
		6C4E97ED1D64696D00158484 /* VKLogConsoleView.h */ = {isa = PBXFileReference; fileEncoding = 4; lastKnownFileType = sourcecode.c.h; path = VKLogConsoleView.h; sourceTree = "<group>"; };
		6C4E97EE1D64696D00158484 /* VKLogConsoleView.m */ = {isa = PBXFileReference; fileEncoding = 4; lastKnownFileType = sourcecode.c.objc; path = VKLogConsoleView.m; sourceTree = "<group>"; };
		6C4E97F01D6469B700158484 /* VKDevConsoleView.h */ = {isa = PBXFileReference; fileEncoding = 4; lastKnownFileType = sourcecode.c.h; path = VKDevConsoleView.h; sourceTree = "<group>"; };
		6C4E97F11D6469B700158484 /* VKDevConsoleView.m */ = {isa = PBXFileReference; fileEncoding = 4; lastKnownFileType = sourcecode.c.objc; path = VKDevConsoleView.m; sourceTree = "<group>"; };
/* End PBXFileReference section */

/* Begin PBXFrameworksBuildPhase section */
		6C4E97821D6437A300158484 /* Frameworks */ = {
			isa = PBXFrameworksBuildPhase;
			buildActionMask = 2147483647;
			files = (
			);
			runOnlyForDeploymentPostprocessing = 0;
		};
/* End PBXFrameworksBuildPhase section */

/* Begin PBXGroup section */
		6C4E977C1D6437A300158484 = {
			isa = PBXGroup;
			children = (
				6C4E979F1D6437BE00158484 /* VKDebugTool */,
				6C4E97871D6437A300158484 /* VKDebugToolDemo */,
				6C4E97861D6437A300158484 /* Products */,
			);
			sourceTree = "<group>";
		};
		6C4E97861D6437A300158484 /* Products */ = {
			isa = PBXGroup;
			children = (
				6C4E97851D6437A300158484 /* VKDebugToolDemo.app */,
			);
			name = Products;
			sourceTree = "<group>";
		};
		6C4E97871D6437A300158484 /* VKDebugToolDemo */ = {
			isa = PBXGroup;
			children = (
				6C4E978B1D6437A300158484 /* AppDelegate.h */,
				6C4E978C1D6437A300158484 /* AppDelegate.m */,
				6C4E978E1D6437A300158484 /* ViewController.h */,
				6C4E978F1D6437A300158484 /* ViewController.m */,
				6C4E97911D6437A300158484 /* Main.storyboard */,
				6C4E97941D6437A300158484 /* Assets.xcassets */,
				6C4E97961D6437A300158484 /* LaunchScreen.storyboard */,
				6C4E97991D6437A300158484 /* Info.plist */,
				6C4E97881D6437A300158484 /* Supporting Files */,
			);
			path = VKDebugToolDemo;
			sourceTree = "<group>";
		};
		6C4E97881D6437A300158484 /* Supporting Files */ = {
			isa = PBXGroup;
			children = (
				6C4E97891D6437A300158484 /* main.m */,
			);
			name = "Supporting Files";
			sourceTree = "<group>";
		};
		6C4E979F1D6437BE00158484 /* VKDebugTool */ = {
			isa = PBXGroup;
			children = (
				6C4E97DB1D643C5200158484 /* View */,
				6C4E97A41D64382100158484 /* Module */,
				6C4E97A51D64382100158484 /* Vendor */,
				6C4E97CC1D6438F600158484 /* VKDevTool.h */,
				6C4E97CD1D6438F600158484 /* VKDevTool.m */,
				6C4E97D51D64399C00158484 /* VKDevToolDefine.h */,
			);
			name = VKDebugTool;
			path = ../VKDebugTool;
			sourceTree = "<group>";
		};
		6C4E97A41D64382100158484 /* Module */ = {
			isa = PBXGroup;
			children = (
				6C4E97E91D64652700158484 /* LogModule */,
				6C4E97E21D644C0900158484 /* ScriptModule */,
				6C4E97D61D643B9700158484 /* MainModule */,
				6C4E97D71D643BFD00158484 /* VKDevModuleProtocol.h */,
			);
			path = Module;
			sourceTree = "<group>";
		};
		6C4E97A51D64382100158484 /* Vendor */ = {
			isa = PBXGroup;
			children = (
				6C4E97A61D64382100158484 /* VKCategoryHelper */,
				6C4E97B31D64382100158484 /* VKCommands */,
				6C4E97BC1D64382100158484 /* VKDebugJPEngine */,
			);
			path = Vendor;
			sourceTree = "<group>";
		};
		6C4E97A61D64382100158484 /* VKCategoryHelper */ = {
			isa = PBXGroup;
			children = (
				6C4E97A71D64382100158484 /* NSMutableAttributedString+VKAttributedString.h */,
				6C4E97A81D64382100158484 /* NSMutableAttributedString+VKAttributedString.m */,
				6C4E97A91D64382100158484 /* NSObject+VKSingleton.h */,
				6C4E97AA1D64382100158484 /* UIDevice+VKUtlities.h */,
				6C4E97AB1D64382100158484 /* UIDevice+VKUtlities.m */,
				6C4E97AC1D64382100158484 /* UIView+VKMetrics.h */,
				6C4E97AD1D64382100158484 /* UIView+VKMetrics.m */,
				6C4E97AE1D64382100158484 /* VKCommonFundation.h */,
				6C4E97AF1D64382100158484 /* VKFoundationMarco.h */,
				6C4E97B01D64382100158484 /* VKJSONKit.h */,
				6C4E97B11D64382100158484 /* VKJSONKit.m */,
				6C4E97B21D64382100158484 /* VKUIKitMarco.h */,
			);
			path = VKCategoryHelper;
			sourceTree = "<group>";
		};
		6C4E97B31D64382100158484 /* VKCommands */ = {
			isa = PBXGroup;
			children = (
				6C4E97B41D64382100158484 /* VKKeyCommands */,
				6C4E97B71D64382100158484 /* VKShakeCommands */,
			);
			path = VKCommands;
			sourceTree = "<group>";
		};
		6C4E97B41D64382100158484 /* VKKeyCommands */ = {
			isa = PBXGroup;
			children = (
				6C4E97B51D64382100158484 /* VKKeyCommands.h */,
				6C4E97B61D64382100158484 /* VKKeyCommands.m */,
			);
			path = VKKeyCommands;
			sourceTree = "<group>";
		};
		6C4E97B71D64382100158484 /* VKShakeCommands */ = {
			isa = PBXGroup;
			children = (
				6C4E97B81D64382100158484 /* UIWindow+VKShakeCommand.h */,
				6C4E97B91D64382100158484 /* UIWindow+VKShakeCommand.m */,
				6C4E97BA1D64382100158484 /* VKShakeCommand.h */,
				6C4E97BB1D64382100158484 /* VKShakeCommand.m */,
			);
			path = VKShakeCommands;
			sourceTree = "<group>";
		};
		6C4E97BC1D64382100158484 /* VKDebugJPEngine */ = {
			isa = PBXGroup;
			children = (
				6C4E97BD1D64382100158484 /* VKDebugJPExtension.h */,
				6C4E97BE1D64382100158484 /* VKDebugJPExtension.m */,
				6C4E97BF1D64382100158484 /* VKJPEngine.h */,
				6C4E97C01D64382100158484 /* VKJPEngine.m */,
				6C4E97C11D64382100158484 /* VKJSPatch.js */,
			);
			path = VKDebugJPEngine;
			sourceTree = "<group>";
		};
		6C4E97D61D643B9700158484 /* MainModule */ = {
			isa = PBXGroup;
			children = (
				6C4E97D81D643C0F00158484 /* VKDevMainModule.h */,
				6C4E97D91D643C0F00158484 /* VKDevMainModule.m */,
			);
			path = MainModule;
			sourceTree = "<group>";
		};
		6C4E97DB1D643C5200158484 /* View */ = {
			isa = PBXGroup;
			children = (
				6C4E97DC1D643C5200158484 /* VKDevMenu.h */,
				6C4E97DD1D643C5200158484 /* VKDevMenu.m */,
				6C4E97DE1D643C5200158484 /* VKDevTipView.h */,
				6C4E97DF1D643C5200158484 /* VKDevTipView.m */,
				6C4E97F01D6469B700158484 /* VKDevConsoleView.h */,
				6C4E97F11D6469B700158484 /* VKDevConsoleView.m */,
			);
			path = View;
			sourceTree = "<group>";
		};
		6C4E97E21D644C0900158484 /* ScriptModule */ = {
			isa = PBXGroup;
			children = (
				6C4E97E31D644C0900158484 /* VKScriptConsoleView.h */,
				6C4E97E41D644C0900158484 /* VKScriptConsoleView.m */,
				6C4E97E61D644C2B00158484 /* VKDevScriptModule.h */,
				6C4E97E71D644C2B00158484 /* VKDevScriptModule.m */,
			);
			path = ScriptModule;
			sourceTree = "<group>";
		};
		6C4E97E91D64652700158484 /* LogModule */ = {
			isa = PBXGroup;
			children = (
				6C4E97ED1D64696D00158484 /* VKLogConsoleView.h */,
				6C4E97EE1D64696D00158484 /* VKLogConsoleView.m */,
				6C4E97EA1D64653300158484 /* VKDevLogModule.h */,
				6C4E97EB1D64653300158484 /* VKDevLogModule.m */,
			);
			path = LogModule;
			sourceTree = "<group>";
		};
/* End PBXGroup section */

/* Begin PBXNativeTarget section */
		6C4E97841D6437A300158484 /* VKDebugToolDemo */ = {
			isa = PBXNativeTarget;
			buildConfigurationList = 6C4E979C1D6437A300158484 /* Build configuration list for PBXNativeTarget "VKDebugToolDemo" */;
			buildPhases = (
				6C4E97811D6437A300158484 /* Sources */,
				6C4E97821D6437A300158484 /* Frameworks */,
				6C4E97831D6437A300158484 /* Resources */,
			);
			buildRules = (
			);
			dependencies = (
			);
			name = VKDebugToolDemo;
			productName = VKDebugToolDemo;
			productReference = 6C4E97851D6437A300158484 /* VKDebugToolDemo.app */;
			productType = "com.apple.product-type.application";
		};
/* End PBXNativeTarget section */

/* Begin PBXProject section */
		6C4E977D1D6437A300158484 /* Project object */ = {
			isa = PBXProject;
			attributes = {
				LastUpgradeCheck = 0720;
				ORGANIZATIONNAME = baidu;
				TargetAttributes = {
					6C4E97841D6437A300158484 = {
						CreatedOnToolsVersion = 7.2.1;
					};
				};
			};
			buildConfigurationList = 6C4E97801D6437A300158484 /* Build configuration list for PBXProject "VKDebugToolDemo" */;
			compatibilityVersion = "Xcode 3.2";
			developmentRegion = English;
			hasScannedForEncodings = 0;
			knownRegions = (
				en,
				Base,
			);
			mainGroup = 6C4E977C1D6437A300158484;
			productRefGroup = 6C4E97861D6437A300158484 /* Products */;
			projectDirPath = "";
			projectRoot = "";
			targets = (
				6C4E97841D6437A300158484 /* VKDebugToolDemo */,
			);
		};
/* End PBXProject section */

/* Begin PBXResourcesBuildPhase section */
		6C4E97831D6437A300158484 /* Resources */ = {
			isa = PBXResourcesBuildPhase;
			buildActionMask = 2147483647;
			files = (
				6C4E97981D6437A300158484 /* LaunchScreen.storyboard in Resources */,
				6C4E97CB1D64382100158484 /* VKJSPatch.js in Resources */,
				6C4E97951D6437A300158484 /* Assets.xcassets in Resources */,
				6C4E97931D6437A300158484 /* Main.storyboard in Resources */,
			);
			runOnlyForDeploymentPostprocessing = 0;
		};
/* End PBXResourcesBuildPhase section */

/* Begin PBXSourcesBuildPhase section */
		6C4E97811D6437A300158484 /* Sources */ = {
			isa = PBXSourcesBuildPhase;
			buildActionMask = 2147483647;
			files = (
				6C4E97CA1D64382100158484 /* VKJPEngine.m in Sources */,
				6C4E97901D6437A300158484 /* ViewController.m in Sources */,
				6C4E97C51D64382100158484 /* VKJSONKit.m in Sources */,
				6C4E97C91D64382100158484 /* VKDebugJPExtension.m in Sources */,
				6C4E978D1D6437A300158484 /* AppDelegate.m in Sources */,
				6C4E97C61D64382100158484 /* VKKeyCommands.m in Sources */,
				6C4E97EC1D64653300158484 /* VKDevLogModule.m in Sources */,
				6C4E97C21D64382100158484 /* NSMutableAttributedString+VKAttributedString.m in Sources */,
				6C4E97CE1D6438F600158484 /* VKDevTool.m in Sources */,
				6C4E97C41D64382100158484 /* UIView+VKMetrics.m in Sources */,
				6C4E97E01D643C5200158484 /* VKDevMenu.m in Sources */,
				6C4E97E11D643C5200158484 /* VKDevTipView.m in Sources */,
				6C4E97E51D644C0900158484 /* VKScriptConsoleView.m in Sources */,
				6C4E97C81D64382100158484 /* VKShakeCommand.m in Sources */,
				6C4E97E81D644C2B00158484 /* VKDevScriptModule.m in Sources */,
				6C4E97EF1D64696D00158484 /* VKLogConsoleView.m in Sources */,
				6C4E97F21D6469B700158484 /* VKDevConsoleView.m in Sources */,
				6C4E97C71D64382100158484 /* UIWindow+VKShakeCommand.m in Sources */,
				6C4E978A1D6437A300158484 /* main.m in Sources */,
				6C4E97C31D64382100158484 /* UIDevice+VKUtlities.m in Sources */,
				6C4E97DA1D643C0F00158484 /* VKDevMainModule.m in Sources */,
			);
			runOnlyForDeploymentPostprocessing = 0;
		};
/* End PBXSourcesBuildPhase section */

/* Begin PBXVariantGroup section */
		6C4E97911D6437A300158484 /* Main.storyboard */ = {
			isa = PBXVariantGroup;
			children = (
				6C4E97921D6437A300158484 /* Base */,
			);
			name = Main.storyboard;
			sourceTree = "<group>";
		};
		6C4E97961D6437A300158484 /* LaunchScreen.storyboard */ = {
			isa = PBXVariantGroup;
			children = (
				6C4E97971D6437A300158484 /* Base */,
			);
			name = LaunchScreen.storyboard;
			sourceTree = "<group>";
		};
/* End PBXVariantGroup section */

/* Begin XCBuildConfiguration section */
		6C4E979A1D6437A300158484 /* Debug */ = {
			isa = XCBuildConfiguration;
			buildSettings = {
				ALWAYS_SEARCH_USER_PATHS = NO;
				CLANG_CXX_LANGUAGE_STANDARD = "gnu++0x";
				CLANG_CXX_LIBRARY = "libc++";
				CLANG_ENABLE_MODULES = YES;
				CLANG_ENABLE_OBJC_ARC = YES;
				CLANG_WARN_BOOL_CONVERSION = YES;
				CLANG_WARN_CONSTANT_CONVERSION = YES;
				CLANG_WARN_DIRECT_OBJC_ISA_USAGE = YES_ERROR;
				CLANG_WARN_EMPTY_BODY = YES;
				CLANG_WARN_ENUM_CONVERSION = YES;
				CLANG_WARN_INT_CONVERSION = YES;
				CLANG_WARN_OBJC_ROOT_CLASS = YES_ERROR;
				CLANG_WARN_UNREACHABLE_CODE = YES;
				CLANG_WARN__DUPLICATE_METHOD_MATCH = YES;
				"CODE_SIGN_IDENTITY[sdk=iphoneos*]" = "iPhone Developer";
				COPY_PHASE_STRIP = NO;
				DEBUG_INFORMATION_FORMAT = dwarf;
				ENABLE_STRICT_OBJC_MSGSEND = YES;
				ENABLE_TESTABILITY = YES;
				GCC_C_LANGUAGE_STANDARD = gnu99;
				GCC_DYNAMIC_NO_PIC = NO;
				GCC_NO_COMMON_BLOCKS = YES;
				GCC_OPTIMIZATION_LEVEL = 0;
				GCC_PREPROCESSOR_DEFINITIONS = (
					"DEBUG=1",
					"$(inherited)",
				);
				GCC_WARN_64_TO_32_BIT_CONVERSION = YES;
				GCC_WARN_ABOUT_RETURN_TYPE = YES_ERROR;
				GCC_WARN_UNDECLARED_SELECTOR = YES;
				GCC_WARN_UNINITIALIZED_AUTOS = YES_AGGRESSIVE;
				GCC_WARN_UNUSED_FUNCTION = YES;
				GCC_WARN_UNUSED_VARIABLE = YES;
				IPHONEOS_DEPLOYMENT_TARGET = 9.2;
				MTL_ENABLE_DEBUG_INFO = YES;
				ONLY_ACTIVE_ARCH = YES;
				SDKROOT = iphoneos;
				TARGETED_DEVICE_FAMILY = "1,2";
			};
			name = Debug;
		};
		6C4E979B1D6437A300158484 /* Release */ = {
			isa = XCBuildConfiguration;
			buildSettings = {
				ALWAYS_SEARCH_USER_PATHS = NO;
				CLANG_CXX_LANGUAGE_STANDARD = "gnu++0x";
				CLANG_CXX_LIBRARY = "libc++";
				CLANG_ENABLE_MODULES = YES;
				CLANG_ENABLE_OBJC_ARC = YES;
				CLANG_WARN_BOOL_CONVERSION = YES;
				CLANG_WARN_CONSTANT_CONVERSION = YES;
				CLANG_WARN_DIRECT_OBJC_ISA_USAGE = YES_ERROR;
				CLANG_WARN_EMPTY_BODY = YES;
				CLANG_WARN_ENUM_CONVERSION = YES;
				CLANG_WARN_INT_CONVERSION = YES;
				CLANG_WARN_OBJC_ROOT_CLASS = YES_ERROR;
				CLANG_WARN_UNREACHABLE_CODE = YES;
				CLANG_WARN__DUPLICATE_METHOD_MATCH = YES;
				"CODE_SIGN_IDENTITY[sdk=iphoneos*]" = "iPhone Developer";
				COPY_PHASE_STRIP = NO;
				DEBUG_INFORMATION_FORMAT = "dwarf-with-dsym";
				ENABLE_NS_ASSERTIONS = NO;
				ENABLE_STRICT_OBJC_MSGSEND = YES;
				GCC_C_LANGUAGE_STANDARD = gnu99;
				GCC_NO_COMMON_BLOCKS = YES;
				GCC_WARN_64_TO_32_BIT_CONVERSION = YES;
				GCC_WARN_ABOUT_RETURN_TYPE = YES_ERROR;
				GCC_WARN_UNDECLARED_SELECTOR = YES;
				GCC_WARN_UNINITIALIZED_AUTOS = YES_AGGRESSIVE;
				GCC_WARN_UNUSED_FUNCTION = YES;
				GCC_WARN_UNUSED_VARIABLE = YES;
				IPHONEOS_DEPLOYMENT_TARGET = 9.2;
				MTL_ENABLE_DEBUG_INFO = NO;
				SDKROOT = iphoneos;
				TARGETED_DEVICE_FAMILY = "1,2";
				VALIDATE_PRODUCT = YES;
			};
			name = Release;
		};
		6C4E979D1D6437A300158484 /* Debug */ = {
			isa = XCBuildConfiguration;
			buildSettings = {
				ASSETCATALOG_COMPILER_APPICON_NAME = AppIcon;
				INFOPLIST_FILE = VKDebugToolDemo/Info.plist;
				LD_RUNPATH_SEARCH_PATHS = "$(inherited) @executable_path/Frameworks";
				PRODUCT_BUNDLE_IDENTIFIER = com.baidu.VKDebugToolDemo;
				PRODUCT_NAME = "$(TARGET_NAME)";
			};
			name = Debug;
		};
		6C4E979E1D6437A300158484 /* Release */ = {
			isa = XCBuildConfiguration;
			buildSettings = {
				ASSETCATALOG_COMPILER_APPICON_NAME = AppIcon;
				INFOPLIST_FILE = VKDebugToolDemo/Info.plist;
				LD_RUNPATH_SEARCH_PATHS = "$(inherited) @executable_path/Frameworks";
				PRODUCT_BUNDLE_IDENTIFIER = com.baidu.VKDebugToolDemo;
				PRODUCT_NAME = "$(TARGET_NAME)";
			};
			name = Release;
		};
/* End XCBuildConfiguration section */

/* Begin XCConfigurationList section */
		6C4E97801D6437A300158484 /* Build configuration list for PBXProject "VKDebugToolDemo" */ = {
			isa = XCConfigurationList;
			buildConfigurations = (
				6C4E979A1D6437A300158484 /* Debug */,
				6C4E979B1D6437A300158484 /* Release */,
			);
			defaultConfigurationIsVisible = 0;
			defaultConfigurationName = Release;
		};
		6C4E979C1D6437A300158484 /* Build configuration list for PBXNativeTarget "VKDebugToolDemo" */ = {
			isa = XCConfigurationList;
			buildConfigurations = (
				6C4E979D1D6437A300158484 /* Debug */,
				6C4E979E1D6437A300158484 /* Release */,
			);
			defaultConfigurationIsVisible = 0;
		};
/* End XCConfigurationList section */
	};
	rootObject = 6C4E977D1D6437A300158484 /* Project object */;
}
